
Microsoft Visual Studio Solution File, Format Version 12.00
# Visual Studio 15
VisualStudioVersion = 15.0.28307.852
MinimumVisualStudioVersion = 10.0.40219.1
Project("{FAE04EC0-301F-11D3-BF4B-00C04F79EFBC}") = "btth1.Android", "btth1\btth1.Android\btth1.Android.csproj", "{546F7315-6DF6-4567-9346-34D844FE6DE4}"
EndProject
Project("{FAE04EC0-301F-11D3-BF4B-00C04F79EFBC}") = "btth1.iOS", "btth1\btth1.iOS\btth1.iOS.csproj", "{E7383948-BCEF-4D8F-9D7D-BB323AB07561}"
EndProject
Project("{FAE04EC0-301F-11D3-BF4B-00C04F79EFBC}") = "btth1", "btth1\btth1\btth1.csproj", "{F571829E-FCDE-458A-A55C-336EF6BF33C9}"
EndProject
Global
	GlobalSection(SolutionConfigurationPlatforms) = preSolution
		Ad-Hoc|Any CPU = Ad-Hoc|Any CPU
		Ad-Hoc|iPhone = Ad-Hoc|iPhone
		Ad-Hoc|iPhoneSimulator = Ad-Hoc|iPhoneSimulator
		AppStore|Any CPU = AppStore|Any CPU
		AppStore|iPhone = AppStore|iPhone
		AppStore|iPhoneSimulator = AppStore|iPhoneSimulator
		Debug|Any CPU = Debug|Any CPU
		Debug|iPhone = Debug|iPhone
		Debug|iPhoneSimulator = Debug|iPhoneSimulator
		Release|Any CPU = Release|Any CPU
		Release|iPhone = Release|iPhone
		Release|iPhoneSimulator = Release|iPhoneSimulator
	EndGlobalSection
	GlobalSection(ProjectConfigurationPlatforms) = postSolution
		{546F7315-6DF6-4567-9346-34D844FE6DE4}.Ad-Hoc|Any CPU.ActiveCfg = Release|Any CPU
		{546F7315-6DF6-4567-9346-34D844FE6DE4}.Ad-Hoc|Any CPU.Build.0 = Release|Any CPU
		{546F7315-6DF6-4567-9346-34D844FE6DE4}.Ad-Hoc|Any CPU.Deploy.0 = Release|Any CPU
		{546F7315-6DF6-4567-9346-34D844FE6DE4}.Ad-Hoc|iPhone.ActiveCfg = Release|Any CPU
		{546F7315-6DF6-4567-9346-34D844FE6DE4}.Ad-Hoc|iPhone.Build.0 = Release|Any CPU
		{546F7315-6DF6-4567-9346-34D844FE6DE4}.Ad-Hoc|iPhone.Deploy.0 = Release|Any CPU
		{546F7315-6DF6-4567-9346-34D844FE6DE4}.Ad-Hoc|iPhoneSimulator.ActiveCfg = Release|Any CPU
		{546F7315-6DF6-4567-9346-34D844FE6DE4}.Ad-Hoc|iPhoneSimulator.Build.0 = Release|Any CPU
		{546F7315-6DF6-4567-9346-34D844FE6DE4}.Ad-Hoc|iPhoneSimulator.Deploy.0 = Release|Any CPU
		{546F7315-6DF6-4567-9346-34D844FE6DE4}.AppStore|Any CPU.ActiveCfg = Release|Any CPU
		{546F7315-6DF6-4567-9346-34D844FE6DE4}.AppStore|Any CPU.Build.0 = Release|Any CPU
		{546F7315-6DF6-4567-9346-34D844FE6DE4}.AppStore|Any CPU.Deploy.0 = Release|Any CPU
		{546F7315-6DF6-4567-9346-34D844FE6DE4}.AppStore|iPhone.ActiveCfg = Release|Any CPU
		{546F7315-6DF6-4567-9346-34D844FE6DE4}.AppStore|iPhone.Build.0 = Release|Any CPU
		{546F7315-6DF6-4567-9346-34D844FE6DE4}.AppStore|iPhone.Deploy.0 = Release|Any CPU
		{546F7315-6DF6-4567-9346-34D844FE6DE4}.AppStore|iPhoneSimulator.ActiveCfg = Release|Any CPU
		{546F7315-6DF6-4567-9346-34D844FE6DE4}.AppStore|iPhoneSimulator.Build.0 = Release|Any CPU
		{546F7315-6DF6-4567-9346-34D844FE6DE4}.AppStore|iPhoneSimulator.Deploy.0 = Release|Any CPU
		{546F7315-6DF6-4567-9346-34D844FE6DE4}.Debug|Any CPU.ActiveCfg = Debug|Any CPU
		{546F7315-6DF6-4567-9346-34D844FE6DE4}.Debug|Any CPU.Build.0 = Debug|Any CPU
		{546F7315-6DF6-4567-9346-34D844FE6DE4}.Debug|Any CPU.Deploy.0 = Debug|Any CPU
		{546F7315-6DF6-4567-9346-34D844FE6DE4}.Debug|iPhone.ActiveCfg = Debug|Any CPU
		{546F7315-6DF6-4567-9346-34D844FE6DE4}.Debug|iPhone.Build.0 = Debug|Any CPU
		{546F7315-6DF6-4567-9346-34D844FE6DE4}.Debug|iPhone.Deploy.0 = Debug|Any CPU
		{546F7315-6DF6-4567-9346-34D844FE6DE4}.Debug|iPhoneSimulator.ActiveCfg = Debug|Any CPU
		{546F7315-6DF6-4567-9346-34D844FE6DE4}.Debug|iPhoneSimulator.Build.0 = Debug|Any CPU
		{546F7315-6DF6-4567-9346-34D844FE6DE4}.Debug|iPhoneSimulator.Deploy.0 = Debug|Any CPU
		{546F7315-6DF6-4567-9346-34D844FE6DE4}.Release|Any CPU.ActiveCfg = Release|Any CPU
		{546F7315-6DF6-4567-9346-34D844FE6DE4}.Release|Any CPU.Build.0 = Release|Any CPU
		{546F7315-6DF6-4567-9346-34D844FE6DE4}.Release|Any CPU.Deploy.0 = Release|Any CPU
		{546F7315-6DF6-4567-9346-34D844FE6DE4}.Release|iPhone.ActiveCfg = Release|Any CPU
		{546F7315-6DF6-4567-9346-34D844FE6DE4}.Release|iPhone.Build.0 = Release|Any CPU
		{546F7315-6DF6-4567-9346-34D844FE6DE4}.Release|iPhone.Deploy.0 = Release|Any CPU
		{546F7315-6DF6-4567-9346-34D844FE6DE4}.Release|iPhoneSimulator.ActiveCfg = Release|Any CPU
		{546F7315-6DF6-4567-9346-34D844FE6DE4}.Release|iPhoneSimulator.Build.0 = Release|Any CPU
		{546F7315-6DF6-4567-9346-34D844FE6DE4}.Release|iPhoneSimulator.Deploy.0 = Release|Any CPU
		{E7383948-BCEF-4D8F-9D7D-BB323AB07561}.Ad-Hoc|Any CPU.ActiveCfg = Ad-Hoc|iPhone
		{E7383948-BCEF-4D8F-9D7D-BB323AB07561}.Ad-Hoc|Any CPU.Build.0 = Ad-Hoc|iPhone
		{E7383948-BCEF-4D8F-9D7D-BB323AB07561}.Ad-Hoc|Any CPU.Deploy.0 = Ad-Hoc|iPhone
		{E7383948-BCEF-4D8F-9D7D-BB323AB07561}.Ad-Hoc|iPhone.ActiveCfg = Ad-Hoc|iPhone
		{E7383948-BCEF-4D8F-9D7D-BB323AB07561}.Ad-Hoc|iPhone.Build.0 = Ad-Hoc|iPhone
		{E7383948-BCEF-4D8F-9D7D-BB323AB07561}.Ad-Hoc|iPhone.Deploy.0 = Ad-Hoc|iPhone
		{E7383948-BCEF-4D8F-9D7D-BB323AB07561}.Ad-Hoc|iPhoneSimulator.ActiveCfg = Ad-Hoc|iPhoneSimulator
		{E7383948-BCEF-4D8F-9D7D-BB323AB07561}.Ad-Hoc|iPhoneSimulator.Build.0 = Ad-Hoc|iPhoneSimulator
		{E7383948-BCEF-4D8F-9D7D-BB323AB07561}.Ad-Hoc|iPhoneSimulator.Deploy.0 = Ad-Hoc|iPhoneSimulator
		{E7383948-BCEF-4D8F-9D7D-BB323AB07561}.AppStore|Any CPU.ActiveCfg = AppStore|iPhone
		{E7383948-BCEF-4D8F-9D7D-BB323AB07561}.AppStore|Any CPU.Build.0 = AppStore|iPhone
		{E7383948-BCEF-4D8F-9D7D-BB323AB07561}.AppStore|Any CPU.Deploy.0 = AppStore|iPhone
		{E7383948-BCEF-4D8F-9D7D-BB323AB07561}.AppStore|iPhone.ActiveCfg = AppStore|iPhone
		{E7383948-BCEF-4D8F-9D7D-BB323AB07561}.AppStore|iPhone.Build.0 = AppStore|iPhone
		{E7383948-BCEF-4D8F-9D7D-BB323AB07561}.AppStore|iPhone.Deploy.0 = AppStore|iPhone
		{E7383948-BCEF-4D8F-9D7D-BB323AB07561}.AppStore|iPhoneSimulator.ActiveCfg = AppStore|iPhoneSimulator
		{E7383948-BCEF-4D8F-9D7D-BB323AB07561}.AppStore|iPhoneSimulator.Build.0 = AppStore|iPhoneSimulator
		{E7383948-BCEF-4D8F-9D7D-BB323AB07561}.AppStore|iPhoneSimulator.Deploy.0 = AppStore|iPhoneSimulator
		{E7383948-BCEF-4D8F-9D7D-BB323AB07561}.Debug|Any CPU.ActiveCfg = Debug|iPhoneSimulator
		{E7383948-BCEF-4D8F-9D7D-BB323AB07561}.Debug|Any CPU.Build.0 = Debug|iPhoneSimulator
		{E7383948-BCEF-4D8F-9D7D-BB323AB07561}.Debug|Any CPU.Deploy.0 = Debug|iPhoneSimulator
		{E7383948-BCEF-4D8F-9D7D-BB323AB07561}.Debug|iPhone.ActiveCfg = Debug|iPhone
		{E7383948-BCEF-4D8F-9D7D-BB323AB07561}.Debug|iPhone.Build.0 = Debug|iPhone
		{E7383948-BCEF-4D8F-9D7D-BB323AB07561}.Debug|iPhone.Deploy.0 = Debug|iPhone
		{E7383948-BCEF-4D8F-9D7D-BB323AB07561}.Debug|iPhoneSimulator.ActiveCfg = Debug|iPhoneSimulator
		{E7383948-BCEF-4D8F-9D7D-BB323AB07561}.Debug|iPhoneSimulator.Build.0 = Debug|iPhoneSimulator
		{E7383948-BCEF-4D8F-9D7D-BB323AB07561}.Debug|iPhoneSimulator.Deploy.0 = Debug|iPhoneSimulator
		{E7383948-BCEF-4D8F-9D7D-BB323AB07561}.Release|Any CPU.ActiveCfg = Release|iPhone
		{E7383948-BCEF-4D8F-9D7D-BB323AB07561}.Release|Any CPU.Build.0 = Release|iPhone
		{E7383948-BCEF-4D8F-9D7D-BB323AB07561}.Release|Any CPU.Deploy.0 = Release|iPhone
		{E7383948-BCEF-4D8F-9D7D-BB323AB07561}.Release|iPhone.ActiveCfg = Release|iPhone
		{E7383948-BCEF-4D8F-9D7D-BB323AB07561}.Release|iPhone.Build.0 = Release|iPhone
		{E7383948-BCEF-4D8F-9D7D-BB323AB07561}.Release|iPhone.Deploy.0 = Release|iPhone
		{E7383948-BCEF-4D8F-9D7D-BB323AB07561}.Release|iPhoneSimulator.ActiveCfg = Release|iPhoneSimulator
		{E7383948-BCEF-4D8F-9D7D-BB323AB07561}.Release|iPhoneSimulator.Build.0 = Release|iPhoneSimulator
		{E7383948-BCEF-4D8F-9D7D-BB323AB07561}.Release|iPhoneSimulator.Deploy.0 = Release|iPhoneSimulator
		{F571829E-FCDE-458A-A55C-336EF6BF33C9}.Ad-Hoc|Any CPU.ActiveCfg = Debug|Any CPU
		{F571829E-FCDE-458A-A55C-336EF6BF33C9}.Ad-Hoc|Any CPU.Build.0 = Debug|Any CPU
		{F571829E-FCDE-458A-A55C-336EF6BF33C9}.Ad-Hoc|Any CPU.Deploy.0 = Debug|Any CPU
		{F571829E-FCDE-458A-A55C-336EF6BF33C9}.Ad-Hoc|iPhone.ActiveCfg = Debug|Any CPU
		{F571829E-FCDE-458A-A55C-336EF6BF33C9}.Ad-Hoc|iPhone.Build.0 = Debug|Any CPU
		{F571829E-FCDE-458A-A55C-336EF6BF33C9}.Ad-Hoc|iPhone.Deploy.0 = Debug|Any CPU
		{F571829E-FCDE-458A-A55C-336EF6BF33C9}.Ad-Hoc|iPhoneSimulator.ActiveCfg = Debug|Any CPU
		{F571829E-FCDE-458A-A55C-336EF6BF33C9}.Ad-Hoc|iPhoneSimulator.Build.0 = Debug|Any CPU
		{F571829E-FCDE-458A-A55C-336EF6BF33C9}.Ad-Hoc|iPhoneSimulator.Deploy.0 = Debug|Any CPU
		{F571829E-FCDE-458A-A55C-336EF6BF33C9}.AppStore|Any CPU.ActiveCfg = Debug|Any CPU
		{F571829E-FCDE-458A-A55C-336EF6BF33C9}.AppStore|Any CPU.Build.0 = Debug|Any CPU
		{F571829E-FCDE-458A-A55C-336EF6BF33C9}.AppStore|Any CPU.Deploy.0 = Debug|Any CPU
		{F571829E-FCDE-458A-A55C-336EF6BF33C9}.AppStore|iPhone.ActiveCfg = Debug|Any CPU
		{F571829E-FCDE-458A-A55C-336EF6BF33C9}.AppStore|iPhone.Build.0 = Debug|Any CPU
		{F571829E-FCDE-458A-A55C-336EF6BF33C9}.AppStore|iPhone.Deploy.0 = Debug|Any CPU
		{F571829E-FCDE-458A-A55C-336EF6BF33C9}.AppStore|iPhoneSimulator.ActiveCfg = Debug|Any CPU
		{F571829E-FCDE-458A-A55C-336EF6BF33C9}.AppStore|iPhoneSimulator.Build.0 = Debug|Any CPU
		{F571829E-FCDE-458A-A55C-336EF6BF33C9}.AppStore|iPhoneSimulator.Deploy.0 = Debug|Any CPU
		{F571829E-FCDE-458A-A55C-336EF6BF33C9}.Debug|Any CPU.ActiveCfg = Debug|Any CPU
		{F571829E-FCDE-458A-A55C-336EF6BF33C9}.Debug|Any CPU.Build.0 = Debug|Any CPU
		{F571829E-FCDE-458A-A55C-336EF6BF33C9}.Debug|Any CPU.Deploy.0 = Debug|Any CPU
		{F571829E-FCDE-458A-A55C-336EF6BF33C9}.Debug|iPhone.ActiveCfg = Debug|Any CPU
		{F571829E-FCDE-458A-A55C-336EF6BF33C9}.Debug|iPhone.Build.0 = Debug|Any CPU
		{F571829E-FCDE-458A-A55C-336EF6BF33C9}.Debug|iPhone.Deploy.0 = Debug|Any CPU
		{F571829E-FCDE-458A-A55C-336EF6BF33C9}.Debug|iPhoneSimulator.ActiveCfg = Debug|Any CPU
		{F571829E-FCDE-458A-A55C-336EF6BF33C9}.Debug|iPhoneSimulator.Build.0 = Debug|Any CPU
		{F571829E-FCDE-458A-A55C-336EF6BF33C9}.Debug|iPhoneSimulator.Deploy.0 = Debug|Any CPU
		{F571829E-FCDE-458A-A55C-336EF6BF33C9}.Release|Any CPU.ActiveCfg = Release|Any CPU
		{F571829E-FCDE-458A-A55C-336EF6BF33C9}.Release|Any CPU.Build.0 = Release|Any CPU
		{F571829E-FCDE-458A-A55C-336EF6BF33C9}.Release|Any CPU.Deploy.0 = Release|Any CPU
		{F571829E-FCDE-458A-A55C-336EF6BF33C9}.Release|iPhone.ActiveCfg = Release|Any CPU
		{F571829E-FCDE-458A-A55C-336EF6BF33C9}.Release|iPhone.Build.0 = Release|Any CPU
		{F571829E-FCDE-458A-A55C-336EF6BF33C9}.Release|iPhone.Deploy.0 = Release|Any CPU
		{F571829E-FCDE-458A-A55C-336EF6BF33C9}.Release|iPhoneSimulator.ActiveCfg = Release|Any CPU
		{F571829E-FCDE-458A-A55C-336EF6BF33C9}.Release|iPhoneSimulator.Build.0 = Release|Any CPU
		{F571829E-FCDE-458A-A55C-336EF6BF33C9}.Release|iPhoneSimulator.Deploy.0 = Release|Any CPU
	EndGlobalSection
	GlobalSection(SolutionProperties) = preSolution
		HideSolutionNode = FALSE
	EndGlobalSection
	GlobalSection(ExtensibilityGlobals) = postSolution
		SolutionGuid = {93BFCB7C-8911-4D57-BADD-EFD2596E9732}
	EndGlobalSection
EndGlobal
