
Microsoft Visual Studio Solution File, Format Version 12.00
# Visual Studio 15
VisualStudioVersion = 15.0.28307.852
MinimumVisualStudioVersion = 10.0.40219.1
Project("{FAE04EC0-301F-11D3-BF4B-00C04F79EFBC}") = "bai2.Android", "bai2\bai2.Android\bai2.Android.csproj", "{99CD8078-89E3-4ACA-B8D0-8F11C164A22F}"
EndProject
Project("{FAE04EC0-301F-11D3-BF4B-00C04F79EFBC}") = "bai2.iOS", "bai2\bai2.iOS\bai2.iOS.csproj", "{42556B3E-5A45-4465-86C7-21766FA07261}"
EndProject
Project("{FAE04EC0-301F-11D3-BF4B-00C04F79EFBC}") = "bai2.UWP", "bai2\bai2.UWP\bai2.UWP.csproj", "{A506BCAD-3182-4F69-A1ED-08ACD4CD18BD}"
EndProject
Project("{FAE04EC0-301F-11D3-BF4B-00C04F79EFBC}") = "bai2", "bai2\bai2\bai2.csproj", "{39B3ECA2-4260-465D-91F5-4B4E962A1142}"
EndProject
Global
	GlobalSection(SolutionConfigurationPlatforms) = preSolution
		Ad-Hoc|Any CPU = Ad-Hoc|Any CPU
		Ad-Hoc|ARM = Ad-Hoc|ARM
		Ad-Hoc|iPhone = Ad-Hoc|iPhone
		Ad-Hoc|iPhoneSimulator = Ad-Hoc|iPhoneSimulator
		Ad-Hoc|x64 = Ad-Hoc|x64
		Ad-Hoc|x86 = Ad-Hoc|x86
		AppStore|Any CPU = AppStore|Any CPU
		AppStore|ARM = AppStore|ARM
		AppStore|iPhone = AppStore|iPhone
		AppStore|iPhoneSimulator = AppStore|iPhoneSimulator
		AppStore|x64 = AppStore|x64
		AppStore|x86 = AppStore|x86
		Debug|Any CPU = Debug|Any CPU
		Debug|ARM = Debug|ARM
		Debug|iPhone = Debug|iPhone
		Debug|iPhoneSimulator = Debug|iPhoneSimulator
		Debug|x64 = Debug|x64
		Debug|x86 = Debug|x86
		Release|Any CPU = Release|Any CPU
		Release|ARM = Release|ARM
		Release|iPhone = Release|iPhone
		Release|iPhoneSimulator = Release|iPhoneSimulator
		Release|x64 = Release|x64
		Release|x86 = Release|x86
	EndGlobalSection
	GlobalSection(ProjectConfigurationPlatforms) = postSolution
		{99CD8078-89E3-4ACA-B8D0-8F11C164A22F}.Ad-Hoc|Any CPU.ActiveCfg = Release|Any CPU
		{99CD8078-89E3-4ACA-B8D0-8F11C164A22F}.Ad-Hoc|Any CPU.Build.0 = Release|Any CPU
		{99CD8078-89E3-4ACA-B8D0-8F11C164A22F}.Ad-Hoc|Any CPU.Deploy.0 = Release|Any CPU
		{99CD8078-89E3-4ACA-B8D0-8F11C164A22F}.Ad-Hoc|ARM.ActiveCfg = Release|Any CPU
		{99CD8078-89E3-4ACA-B8D0-8F11C164A22F}.Ad-Hoc|ARM.Build.0 = Release|Any CPU
		{99CD8078-89E3-4ACA-B8D0-8F11C164A22F}.Ad-Hoc|ARM.Deploy.0 = Release|Any CPU
		{99CD8078-89E3-4ACA-B8D0-8F11C164A22F}.Ad-Hoc|iPhone.ActiveCfg = Release|Any CPU
		{99CD8078-89E3-4ACA-B8D0-8F11C164A22F}.Ad-Hoc|iPhone.Build.0 = Release|Any CPU
		{99CD8078-89E3-4ACA-B8D0-8F11C164A22F}.Ad-Hoc|iPhone.Deploy.0 = Release|Any CPU
		{99CD8078-89E3-4ACA-B8D0-8F11C164A22F}.Ad-Hoc|iPhoneSimulator.ActiveCfg = Release|Any CPU
		{99CD8078-89E3-4ACA-B8D0-8F11C164A22F}.Ad-Hoc|iPhoneSimulator.Build.0 = Release|Any CPU
		{99CD8078-89E3-4ACA-B8D0-8F11C164A22F}.Ad-Hoc|iPhoneSimulator.Deploy.0 = Release|Any CPU
		{99CD8078-89E3-4ACA-B8D0-8F11C164A22F}.Ad-Hoc|x64.ActiveCfg = Release|Any CPU
		{99CD8078-89E3-4ACA-B8D0-8F11C164A22F}.Ad-Hoc|x64.Build.0 = Release|Any CPU
		{99CD8078-89E3-4ACA-B8D0-8F11C164A22F}.Ad-Hoc|x64.Deploy.0 = Release|Any CPU
		{99CD8078-89E3-4ACA-B8D0-8F11C164A22F}.Ad-Hoc|x86.ActiveCfg = Release|Any CPU
		{99CD8078-89E3-4ACA-B8D0-8F11C164A22F}.Ad-Hoc|x86.Build.0 = Release|Any CPU
		{99CD8078-89E3-4ACA-B8D0-8F11C164A22F}.Ad-Hoc|x86.Deploy.0 = Release|Any CPU
		{99CD8078-89E3-4ACA-B8D0-8F11C164A22F}.AppStore|Any CPU.ActiveCfg = Release|Any CPU
		{99CD8078-89E3-4ACA-B8D0-8F11C164A22F}.AppStore|Any CPU.Build.0 = Release|Any CPU
		{99CD8078-89E3-4ACA-B8D0-8F11C164A22F}.AppStore|Any CPU.Deploy.0 = Release|Any CPU
		{99CD8078-89E3-4ACA-B8D0-8F11C164A22F}.AppStore|ARM.ActiveCfg = Release|Any CPU
		{99CD8078-89E3-4ACA-B8D0-8F11C164A22F}.AppStore|ARM.Build.0 = Release|Any CPU
		{99CD8078-89E3-4ACA-B8D0-8F11C164A22F}.AppStore|ARM.Deploy.0 = Release|Any CPU
		{99CD8078-89E3-4ACA-B8D0-8F11C164A22F}.AppStore|iPhone.ActiveCfg = Release|Any CPU
		{99CD8078-89E3-4ACA-B8D0-8F11C164A22F}.AppStore|iPhone.Build.0 = Release|Any CPU
		{99CD8078-89E3-4ACA-B8D0-8F11C164A22F}.AppStore|iPhone.Deploy.0 = Release|Any CPU
		{99CD8078-89E3-4ACA-B8D0-8F11C164A22F}.AppStore|iPhoneSimulator.ActiveCfg = Release|Any CPU
		{99CD8078-89E3-4ACA-B8D0-8F11C164A22F}.AppStore|iPhoneSimulator.Build.0 = Release|Any CPU
		{99CD8078-89E3-4ACA-B8D0-8F11C164A22F}.AppStore|iPhoneSimulator.Deploy.0 = Release|Any CPU
		{99CD8078-89E3-4ACA-B8D0-8F11C164A22F}.AppStore|x64.ActiveCfg = Release|Any CPU
		{99CD8078-89E3-4ACA-B8D0-8F11C164A22F}.AppStore|x64.Build.0 = Release|Any CPU
		{99CD8078-89E3-4ACA-B8D0-8F11C164A22F}.AppStore|x64.Deploy.0 = Release|Any CPU
		{99CD8078-89E3-4ACA-B8D0-8F11C164A22F}.AppStore|x86.ActiveCfg = Release|Any CPU
		{99CD8078-89E3-4ACA-B8D0-8F11C164A22F}.AppStore|x86.Build.0 = Release|Any CPU
		{99CD8078-89E3-4ACA-B8D0-8F11C164A22F}.AppStore|x86.Deploy.0 = Release|Any CPU
		{99CD8078-89E3-4ACA-B8D0-8F11C164A22F}.Debug|Any CPU.ActiveCfg = Debug|Any CPU
		{99CD8078-89E3-4ACA-B8D0-8F11C164A22F}.Debug|Any CPU.Build.0 = Debug|Any CPU
		{99CD8078-89E3-4ACA-B8D0-8F11C164A22F}.Debug|Any CPU.Deploy.0 = Debug|Any CPU
		{99CD8078-89E3-4ACA-B8D0-8F11C164A22F}.Debug|ARM.ActiveCfg = Debug|Any CPU
		{99CD8078-89E3-4ACA-B8D0-8F11C164A22F}.Debug|ARM.Build.0 = Debug|Any CPU
		{99CD8078-89E3-4ACA-B8D0-8F11C164A22F}.Debug|ARM.Deploy.0 = Debug|Any CPU
		{99CD8078-89E3-4ACA-B8D0-8F11C164A22F}.Debug|iPhone.ActiveCfg = Debug|Any CPU
		{99CD8078-89E3-4ACA-B8D0-8F11C164A22F}.Debug|iPhone.Build.0 = Debug|Any CPU
		{99CD8078-89E3-4ACA-B8D0-8F11C164A22F}.Debug|iPhone.Deploy.0 = Debug|Any CPU
		{99CD8078-89E3-4ACA-B8D0-8F11C164A22F}.Debug|iPhoneSimulator.ActiveCfg = Debug|Any CPU
		{99CD8078-89E3-4ACA-B8D0-8F11C164A22F}.Debug|iPhoneSimulator.Build.0 = Debug|Any CPU
		{99CD8078-89E3-4ACA-B8D0-8F11C164A22F}.Debug|iPhoneSimulator.Deploy.0 = Debug|Any CPU
		{99CD8078-89E3-4ACA-B8D0-8F11C164A22F}.Debug|x64.ActiveCfg = Debug|Any CPU
		{99CD8078-89E3-4ACA-B8D0-8F11C164A22F}.Debug|x64.Build.0 = Debug|Any CPU
		{99CD8078-89E3-4ACA-B8D0-8F11C164A22F}.Debug|x64.Deploy.0 = Debug|Any CPU
		{99CD8078-89E3-4ACA-B8D0-8F11C164A22F}.Debug|x86.ActiveCfg = Debug|Any CPU
		{99CD8078-89E3-4ACA-B8D0-8F11C164A22F}.Debug|x86.Build.0 = Debug|Any CPU
		{99CD8078-89E3-4ACA-B8D0-8F11C164A22F}.Debug|x86.Deploy.0 = Debug|Any CPU
		{99CD8078-89E3-4ACA-B8D0-8F11C164A22F}.Release|Any CPU.ActiveCfg = Release|Any CPU
		{99CD8078-89E3-4ACA-B8D0-8F11C164A22F}.Release|Any CPU.Build.0 = Release|Any CPU
		{99CD8078-89E3-4ACA-B8D0-8F11C164A22F}.Release|Any CPU.Deploy.0 = Release|Any CPU
		{99CD8078-89E3-4ACA-B8D0-8F11C164A22F}.Release|ARM.ActiveCfg = Release|Any CPU
		{99CD8078-89E3-4ACA-B8D0-8F11C164A22F}.Release|ARM.Build.0 = Release|Any CPU
		{99CD8078-89E3-4ACA-B8D0-8F11C164A22F}.Release|ARM.Deploy.0 = Release|Any CPU
		{99CD8078-89E3-4ACA-B8D0-8F11C164A22F}.Release|iPhone.ActiveCfg = Release|Any CPU
		{99CD8078-89E3-4ACA-B8D0-8F11C164A22F}.Release|iPhone.Build.0 = Release|Any CPU
		{99CD8078-89E3-4ACA-B8D0-8F11C164A22F}.Release|iPhone.Deploy.0 = Release|Any CPU
		{99CD8078-89E3-4ACA-B8D0-8F11C164A22F}.Release|iPhoneSimulator.ActiveCfg = Release|Any CPU
		{99CD8078-89E3-4ACA-B8D0-8F11C164A22F}.Release|iPhoneSimulator.Build.0 = Release|Any CPU
		{99CD8078-89E3-4ACA-B8D0-8F11C164A22F}.Release|iPhoneSimulator.Deploy.0 = Release|Any CPU
		{99CD8078-89E3-4ACA-B8D0-8F11C164A22F}.Release|x64.ActiveCfg = Release|Any CPU
		{99CD8078-89E3-4ACA-B8D0-8F11C164A22F}.Release|x64.Build.0 = Release|Any CPU
		{99CD8078-89E3-4ACA-B8D0-8F11C164A22F}.Release|x64.Deploy.0 = Release|Any CPU
		{99CD8078-89E3-4ACA-B8D0-8F11C164A22F}.Release|x86.ActiveCfg = Release|Any CPU
		{99CD8078-89E3-4ACA-B8D0-8F11C164A22F}.Release|x86.Build.0 = Release|Any CPU
		{99CD8078-89E3-4ACA-B8D0-8F11C164A22F}.Release|x86.Deploy.0 = Release|Any CPU
		{42556B3E-5A45-4465-86C7-21766FA07261}.Ad-Hoc|Any CPU.ActiveCfg = Ad-Hoc|iPhone
		{42556B3E-5A45-4465-86C7-21766FA07261}.Ad-Hoc|Any CPU.Build.0 = Ad-Hoc|iPhone
		{42556B3E-5A45-4465-86C7-21766FA07261}.Ad-Hoc|Any CPU.Deploy.0 = Ad-Hoc|iPhone
		{42556B3E-5A45-4465-86C7-21766FA07261}.Ad-Hoc|ARM.ActiveCfg = Ad-Hoc|iPhone
		{42556B3E-5A45-4465-86C7-21766FA07261}.Ad-Hoc|ARM.Build.0 = Ad-Hoc|iPhone
		{42556B3E-5A45-4465-86C7-21766FA07261}.Ad-Hoc|ARM.Deploy.0 = Ad-Hoc|iPhone
		{42556B3E-5A45-4465-86C7-21766FA07261}.Ad-Hoc|iPhone.ActiveCfg = Ad-Hoc|iPhone
		{42556B3E-5A45-4465-86C7-21766FA07261}.Ad-Hoc|iPhone.Build.0 = Ad-Hoc|iPhone
		{42556B3E-5A45-4465-86C7-21766FA07261}.Ad-Hoc|iPhone.Deploy.0 = Ad-Hoc|iPhone
		{42556B3E-5A45-4465-86C7-21766FA07261}.Ad-Hoc|iPhoneSimulator.ActiveCfg = Ad-Hoc|iPhoneSimulator
		{42556B3E-5A45-4465-86C7-21766FA07261}.Ad-Hoc|iPhoneSimulator.Build.0 = Ad-Hoc|iPhoneSimulator
		{42556B3E-5A45-4465-86C7-21766FA07261}.Ad-Hoc|iPhoneSimulator.Deploy.0 = Ad-Hoc|iPhoneSimulator
		{42556B3E-5A45-4465-86C7-21766FA07261}.Ad-Hoc|x64.ActiveCfg = Ad-Hoc|iPhone
		{42556B3E-5A45-4465-86C7-21766FA07261}.Ad-Hoc|x64.Build.0 = Ad-Hoc|iPhone
		{42556B3E-5A45-4465-86C7-21766FA07261}.Ad-Hoc|x64.Deploy.0 = Ad-Hoc|iPhone
		{42556B3E-5A45-4465-86C7-21766FA07261}.Ad-Hoc|x86.ActiveCfg = Ad-Hoc|iPhone
		{42556B3E-5A45-4465-86C7-21766FA07261}.Ad-Hoc|x86.Build.0 = Ad-Hoc|iPhone
		{42556B3E-5A45-4465-86C7-21766FA07261}.Ad-Hoc|x86.Deploy.0 = Ad-Hoc|iPhone
		{42556B3E-5A45-4465-86C7-21766FA07261}.AppStore|Any CPU.ActiveCfg = AppStore|iPhone
		{42556B3E-5A45-4465-86C7-21766FA07261}.AppStore|Any CPU.Build.0 = AppStore|iPhone
		{42556B3E-5A45-4465-86C7-21766FA07261}.AppStore|Any CPU.Deploy.0 = AppStore|iPhone
		{42556B3E-5A45-4465-86C7-21766FA07261}.AppStore|ARM.ActiveCfg = AppStore|iPhone
		{42556B3E-5A45-4465-86C7-21766FA07261}.AppStore|ARM.Build.0 = AppStore|iPhone
		{42556B3E-5A45-4465-86C7-21766FA07261}.AppStore|ARM.Deploy.0 = AppStore|iPhone
		{42556B3E-5A45-4465-86C7-21766FA07261}.AppStore|iPhone.ActiveCfg = AppStore|iPhone
		{42556B3E-5A45-4465-86C7-21766FA07261}.AppStore|iPhone.Build.0 = AppStore|iPhone
		{42556B3E-5A45-4465-86C7-21766FA07261}.AppStore|iPhone.Deploy.0 = AppStore|iPhone
		{42556B3E-5A45-4465-86C7-21766FA07261}.AppStore|iPhoneSimulator.ActiveCfg = AppStore|iPhoneSimulator
		{42556B3E-5A45-4465-86C7-21766FA07261}.AppStore|iPhoneSimulator.Build.0 = AppStore|iPhoneSimulator
		{42556B3E-5A45-4465-86C7-21766FA07261}.AppStore|iPhoneSimulator.Deploy.0 = AppStore|iPhoneSimulator
		{42556B3E-5A45-4465-86C7-21766FA07261}.AppStore|x64.ActiveCfg = AppStore|iPhone
		{42556B3E-5A45-4465-86C7-21766FA07261}.AppStore|x64.Build.0 = AppStore|iPhone
		{42556B3E-5A45-4465-86C7-21766FA07261}.AppStore|x64.Deploy.0 = AppStore|iPhone
		{42556B3E-5A45-4465-86C7-21766FA07261}.AppStore|x86.ActiveCfg = AppStore|iPhone
		{42556B3E-5A45-4465-86C7-21766FA07261}.AppStore|x86.Build.0 = AppStore|iPhone
		{42556B3E-5A45-4465-86C7-21766FA07261}.AppStore|x86.Deploy.0 = AppStore|iPhone
		{42556B3E-5A45-4465-86C7-21766FA07261}.Debug|Any CPU.ActiveCfg = Debug|iPhoneSimulator
		{42556B3E-5A45-4465-86C7-21766FA07261}.Debug|Any CPU.Build.0 = Debug|iPhoneSimulator
		{42556B3E-5A45-4465-86C7-21766FA07261}.Debug|Any CPU.Deploy.0 = Debug|iPhoneSimulator
		{42556B3E-5A45-4465-86C7-21766FA07261}.Debug|ARM.ActiveCfg = Debug|iPhone
		{42556B3E-5A45-4465-86C7-21766FA07261}.Debug|ARM.Build.0 = Debug|iPhone
		{42556B3E-5A45-4465-86C7-21766FA07261}.Debug|ARM.Deploy.0 = Debug|iPhone
		{42556B3E-5A45-4465-86C7-21766FA07261}.Debug|iPhone.ActiveCfg = Debug|iPhone
		{42556B3E-5A45-4465-86C7-21766FA07261}.Debug|iPhone.Build.0 = Debug|iPhone
		{42556B3E-5A45-4465-86C7-21766FA07261}.Debug|iPhone.Deploy.0 = Debug|iPhone
		{42556B3E-5A45-4465-86C7-21766FA07261}.Debug|iPhoneSimulator.ActiveCfg = Debug|iPhoneSimulator
		{42556B3E-5A45-4465-86C7-21766FA07261}.Debug|iPhoneSimulator.Build.0 = Debug|iPhoneSimulator
		{42556B3E-5A45-4465-86C7-21766FA07261}.Debug|iPhoneSimulator.Deploy.0 = Debug|iPhoneSimulator
		{42556B3E-5A45-4465-86C7-21766FA07261}.Debug|x64.ActiveCfg = Debug|iPhone
		{42556B3E-5A45-4465-86C7-21766FA07261}.Debug|x64.Build.0 = Debug|iPhone
		{42556B3E-5A45-4465-86C7-21766FA07261}.Debug|x64.Deploy.0 = Debug|iPhone
		{42556B3E-5A45-4465-86C7-21766FA07261}.Debug|x86.ActiveCfg = Debug|iPhone
		{42556B3E-5A45-4465-86C7-21766FA07261}.Debug|x86.Build.0 = Debug|iPhone
		{42556B3E-5A45-4465-86C7-21766FA07261}.Debug|x86.Deploy.0 = Debug|iPhone
		{42556B3E-5A45-4465-86C7-21766FA07261}.Release|Any CPU.ActiveCfg = Release|iPhone
		{42556B3E-5A45-4465-86C7-21766FA07261}.Release|Any CPU.Build.0 = Release|iPhone
		{42556B3E-5A45-4465-86C7-21766FA07261}.Release|Any CPU.Deploy.0 = Release|iPhone
		{42556B3E-5A45-4465-86C7-21766FA07261}.Release|ARM.ActiveCfg = Release|iPhone
		{42556B3E-5A45-4465-86C7-21766FA07261}.Release|ARM.Build.0 = Release|iPhone
		{42556B3E-5A45-4465-86C7-21766FA07261}.Release|ARM.Deploy.0 = Release|iPhone
		{42556B3E-5A45-4465-86C7-21766FA07261}.Release|iPhone.ActiveCfg = Release|iPhone
		{42556B3E-5A45-4465-86C7-21766FA07261}.Release|iPhone.Build.0 = Release|iPhone
		{42556B3E-5A45-4465-86C7-21766FA07261}.Release|iPhone.Deploy.0 = Release|iPhone
		{42556B3E-5A45-4465-86C7-21766FA07261}.Release|iPhoneSimulator.ActiveCfg = Release|iPhoneSimulator
		{42556B3E-5A45-4465-86C7-21766FA07261}.Release|iPhoneSimulator.Build.0 = Release|iPhoneSimulator
		{42556B3E-5A45-4465-86C7-21766FA07261}.Release|iPhoneSimulator.Deploy.0 = Release|iPhoneSimulator
		{42556B3E-5A45-4465-86C7-21766FA07261}.Release|x64.ActiveCfg = Release|iPhone
		{42556B3E-5A45-4465-86C7-21766FA07261}.Release|x64.Build.0 = Release|iPhone
		{42556B3E-5A45-4465-86C7-21766FA07261}.Release|x64.Deploy.0 = Release|iPhone
		{42556B3E-5A45-4465-86C7-21766FA07261}.Release|x86.ActiveCfg = Release|iPhone
		{42556B3E-5A45-4465-86C7-21766FA07261}.Release|x86.Build.0 = Release|iPhone
		{42556B3E-5A45-4465-86C7-21766FA07261}.Release|x86.Deploy.0 = Release|iPhone
		{A506BCAD-3182-4F69-A1ED-08ACD4CD18BD}.Ad-Hoc|Any CPU.ActiveCfg = Release|x86
		{A506BCAD-3182-4F69-A1ED-08ACD4CD18BD}.Ad-Hoc|Any CPU.Build.0 = Release|x86
		{A506BCAD-3182-4F69-A1ED-08ACD4CD18BD}.Ad-Hoc|Any CPU.Deploy.0 = Release|x86
		{A506BCAD-3182-4F69-A1ED-08ACD4CD18BD}.Ad-Hoc|ARM.ActiveCfg = Release|ARM
		{A506BCAD-3182-4F69-A1ED-08ACD4CD18BD}.Ad-Hoc|ARM.Build.0 = Release|ARM
		{A506BCAD-3182-4F69-A1ED-08ACD4CD18BD}.Ad-Hoc|ARM.Deploy.0 = Release|ARM
		{A506BCAD-3182-4F69-A1ED-08ACD4CD18BD}.Ad-Hoc|iPhone.ActiveCfg = Release|x86
		{A506BCAD-3182-4F69-A1ED-08ACD4CD18BD}.Ad-Hoc|iPhone.Build.0 = Release|x86
		{A506BCAD-3182-4F69-A1ED-08ACD4CD18BD}.Ad-Hoc|iPhone.Deploy.0 = Release|x86
		{A506BCAD-3182-4F69-A1ED-08ACD4CD18BD}.Ad-Hoc|iPhoneSimulator.ActiveCfg = Release|x86
		{A506BCAD-3182-4F69-A1ED-08ACD4CD18BD}.Ad-Hoc|iPhoneSimulator.Build.0 = Release|x86
		{A506BCAD-3182-4F69-A1ED-08ACD4CD18BD}.Ad-Hoc|iPhoneSimulator.Deploy.0 = Release|x86
		{A506BCAD-3182-4F69-A1ED-08ACD4CD18BD}.Ad-Hoc|x64.ActiveCfg = Release|x64
		{A506BCAD-3182-4F69-A1ED-08ACD4CD18BD}.Ad-Hoc|x64.Build.0 = Release|x64
		{A506BCAD-3182-4F69-A1ED-08ACD4CD18BD}.Ad-Hoc|x64.Deploy.0 = Release|x64
		{A506BCAD-3182-4F69-A1ED-08ACD4CD18BD}.Ad-Hoc|x86.ActiveCfg = Release|x86
		{A506BCAD-3182-4F69-A1ED-08ACD4CD18BD}.Ad-Hoc|x86.Build.0 = Release|x86
		{A506BCAD-3182-4F69-A1ED-08ACD4CD18BD}.Ad-Hoc|x86.Deploy.0 = Release|x86
		{A506BCAD-3182-4F69-A1ED-08ACD4CD18BD}.AppStore|Any CPU.ActiveCfg = Release|x86
		{A506BCAD-3182-4F69-A1ED-08ACD4CD18BD}.AppStore|Any CPU.Build.0 = Release|x86
		{A506BCAD-3182-4F69-A1ED-08ACD4CD18BD}.AppStore|Any CPU.Deploy.0 = Release|x86
		{A506BCAD-3182-4F69-A1ED-08ACD4CD18BD}.AppStore|ARM.ActiveCfg = Release|ARM
		{A506BCAD-3182-4F69-A1ED-08ACD4CD18BD}.AppStore|ARM.Build.0 = Release|ARM
		{A506BCAD-3182-4F69-A1ED-08ACD4CD18BD}.AppStore|ARM.Deploy.0 = Release|ARM
		{A506BCAD-3182-4F69-A1ED-08ACD4CD18BD}.AppStore|iPhone.ActiveCfg = Release|x86
		{A506BCAD-3182-4F69-A1ED-08ACD4CD18BD}.AppStore|iPhone.Build.0 = Release|x86
		{A506BCAD-3182-4F69-A1ED-08ACD4CD18BD}.AppStore|iPhone.Deploy.0 = Release|x86
		{A506BCAD-3182-4F69-A1ED-08ACD4CD18BD}.AppStore|iPhoneSimulator.ActiveCfg = Release|x86
		{A506BCAD-3182-4F69-A1ED-08ACD4CD18BD}.AppStore|iPhoneSimulator.Build.0 = Release|x86
		{A506BCAD-3182-4F69-A1ED-08ACD4CD18BD}.AppStore|iPhoneSimulator.Deploy.0 = Release|x86
		{A506BCAD-3182-4F69-A1ED-08ACD4CD18BD}.AppStore|x64.ActiveCfg = Release|x64
		{A506BCAD-3182-4F69-A1ED-08ACD4CD18BD}.AppStore|x64.Build.0 = Release|x64
		{A506BCAD-3182-4F69-A1ED-08ACD4CD18BD}.AppStore|x64.Deploy.0 = Release|x64
		{A506BCAD-3182-4F69-A1ED-08ACD4CD18BD}.AppStore|x86.ActiveCfg = Release|x86
		{A506BCAD-3182-4F69-A1ED-08ACD4CD18BD}.AppStore|x86.Build.0 = Release|x86
		{A506BCAD-3182-4F69-A1ED-08ACD4CD18BD}.AppStore|x86.Deploy.0 = Release|x86
		{A506BCAD-3182-4F69-A1ED-08ACD4CD18BD}.Debug|Any CPU.ActiveCfg = Debug|x86
		{A506BCAD-3182-4F69-A1ED-08ACD4CD18BD}.Debug|Any CPU.Build.0 = Debug|x86
		{A506BCAD-3182-4F69-A1ED-08ACD4CD18BD}.Debug|Any CPU.Deploy.0 = Debug|x86
		{A506BCAD-3182-4F69-A1ED-08ACD4CD18BD}.Debug|ARM.ActiveCfg = Debug|ARM
		{A506BCAD-3182-4F69-A1ED-08ACD4CD18BD}.Debug|ARM.Build.0 = Debug|ARM
		{A506BCAD-3182-4F69-A1ED-08ACD4CD18BD}.Debug|ARM.Deploy.0 = Debug|ARM
		{A506BCAD-3182-4F69-A1ED-08ACD4CD18BD}.Debug|iPhone.ActiveCfg = Debug|x86
		{A506BCAD-3182-4F69-A1ED-08ACD4CD18BD}.Debug|iPhone.Build.0 = Debug|x86
		{A506BCAD-3182-4F69-A1ED-08ACD4CD18BD}.Debug|iPhone.Deploy.0 = Debug|x86
		{A506BCAD-3182-4F69-A1ED-08ACD4CD18BD}.Debug|iPhoneSimulator.ActiveCfg = Debug|x86
		{A506BCAD-3182-4F69-A1ED-08ACD4CD18BD}.Debug|iPhoneSimulator.Build.0 = Debug|x86
		{A506BCAD-3182-4F69-A1ED-08ACD4CD18BD}.Debug|iPhoneSimulator.Deploy.0 = Debug|x86
		{A506BCAD-3182-4F69-A1ED-08ACD4CD18BD}.Debug|x64.ActiveCfg = Debug|x64
		{A506BCAD-3182-4F69-A1ED-08ACD4CD18BD}.Debug|x64.Build.0 = Debug|x64
		{A506BCAD-3182-4F69-A1ED-08ACD4CD18BD}.Debug|x64.Deploy.0 = Debug|x64
		{A506BCAD-3182-4F69-A1ED-08ACD4CD18BD}.Debug|x86.ActiveCfg = Debug|x86
		{A506BCAD-3182-4F69-A1ED-08ACD4CD18BD}.Debug|x86.Build.0 = Debug|x86
		{A506BCAD-3182-4F69-A1ED-08ACD4CD18BD}.Debug|x86.Deploy.0 = Debug|x86
		{A506BCAD-3182-4F69-A1ED-08ACD4CD18BD}.Release|Any CPU.ActiveCfg = Release|x86
		{A506BCAD-3182-4F69-A1ED-08ACD4CD18BD}.Release|Any CPU.Build.0 = Release|x86
		{A506BCAD-3182-4F69-A1ED-08ACD4CD18BD}.Release|Any CPU.Deploy.0 = Release|x86
		{A506BCAD-3182-4F69-A1ED-08ACD4CD18BD}.Release|ARM.ActiveCfg = Release|ARM
		{A506BCAD-3182-4F69-A1ED-08ACD4CD18BD}.Release|ARM.Build.0 = Release|ARM
		{A506BCAD-3182-4F69-A1ED-08ACD4CD18BD}.Release|ARM.Deploy.0 = Release|ARM
		{A506BCAD-3182-4F69-A1ED-08ACD4CD18BD}.Release|iPhone.ActiveCfg = Release|x86
		{A506BCAD-3182-4F69-A1ED-08ACD4CD18BD}.Release|iPhone.Build.0 = Release|x86
		{A506BCAD-3182-4F69-A1ED-08ACD4CD18BD}.Release|iPhone.Deploy.0 = Release|x86
		{A506BCAD-3182-4F69-A1ED-08ACD4CD18BD}.Release|iPhoneSimulator.ActiveCfg = Release|x86
		{A506BCAD-3182-4F69-A1ED-08ACD4CD18BD}.Release|iPhoneSimulator.Build.0 = Release|x86
		{A506BCAD-3182-4F69-A1ED-08ACD4CD18BD}.Release|iPhoneSimulator.Deploy.0 = Release|x86
		{A506BCAD-3182-4F69-A1ED-08ACD4CD18BD}.Release|x64.ActiveCfg = Release|x64
		{A506BCAD-3182-4F69-A1ED-08ACD4CD18BD}.Release|x64.Build.0 = Release|x64
		{A506BCAD-3182-4F69-A1ED-08ACD4CD18BD}.Release|x64.Deploy.0 = Release|x64
		{A506BCAD-3182-4F69-A1ED-08ACD4CD18BD}.Release|x86.ActiveCfg = Release|x86
		{A506BCAD-3182-4F69-A1ED-08ACD4CD18BD}.Release|x86.Build.0 = Release|x86
		{A506BCAD-3182-4F69-A1ED-08ACD4CD18BD}.Release|x86.Deploy.0 = Release|x86
		{39B3ECA2-4260-465D-91F5-4B4E962A1142}.Ad-Hoc|Any CPU.ActiveCfg = Debug|Any CPU
		{39B3ECA2-4260-465D-91F5-4B4E962A1142}.Ad-Hoc|Any CPU.Build.0 = Debug|Any CPU
		{39B3ECA2-4260-465D-91F5-4B4E962A1142}.Ad-Hoc|Any CPU.Deploy.0 = Debug|Any CPU
		{39B3ECA2-4260-465D-91F5-4B4E962A1142}.Ad-Hoc|ARM.ActiveCfg = Debug|Any CPU
		{39B3ECA2-4260-465D-91F5-4B4E962A1142}.Ad-Hoc|ARM.Build.0 = Debug|Any CPU
		{39B3ECA2-4260-465D-91F5-4B4E962A1142}.Ad-Hoc|ARM.Deploy.0 = Debug|Any CPU
		{39B3ECA2-4260-465D-91F5-4B4E962A1142}.Ad-Hoc|iPhone.ActiveCfg = Debug|Any CPU
		{39B3ECA2-4260-465D-91F5-4B4E962A1142}.Ad-Hoc|iPhone.Build.0 = Debug|Any CPU
		{39B3ECA2-4260-465D-91F5-4B4E962A1142}.Ad-Hoc|iPhone.Deploy.0 = Debug|Any CPU
		{39B3ECA2-4260-465D-91F5-4B4E962A1142}.Ad-Hoc|iPhoneSimulator.ActiveCfg = Debug|Any CPU
		{39B3ECA2-4260-465D-91F5-4B4E962A1142}.Ad-Hoc|iPhoneSimulator.Build.0 = Debug|Any CPU
		{39B3ECA2-4260-465D-91F5-4B4E962A1142}.Ad-Hoc|iPhoneSimulator.Deploy.0 = Debug|Any CPU
		{39B3ECA2-4260-465D-91F5-4B4E962A1142}.Ad-Hoc|x64.ActiveCfg = Debug|Any CPU
		{39B3ECA2-4260-465D-91F5-4B4E962A1142}.Ad-Hoc|x64.Build.0 = Debug|Any CPU
		{39B3ECA2-4260-465D-91F5-4B4E962A1142}.Ad-Hoc|x64.Deploy.0 = Debug|Any CPU
		{39B3ECA2-4260-465D-91F5-4B4E962A1142}.Ad-Hoc|x86.ActiveCfg = Debug|Any CPU
		{39B3ECA2-4260-465D-91F5-4B4E962A1142}.Ad-Hoc|x86.Build.0 = Debug|Any CPU
		{39B3ECA2-4260-465D-91F5-4B4E962A1142}.Ad-Hoc|x86.Deploy.0 = Debug|Any CPU
		{39B3ECA2-4260-465D-91F5-4B4E962A1142}.AppStore|Any CPU.ActiveCfg = Debug|Any CPU
		{39B3ECA2-4260-465D-91F5-4B4E962A1142}.AppStore|Any CPU.Build.0 = Debug|Any CPU
		{39B3ECA2-4260-465D-91F5-4B4E962A1142}.AppStore|Any CPU.Deploy.0 = Debug|Any CPU
		{39B3ECA2-4260-465D-91F5-4B4E962A1142}.AppStore|ARM.ActiveCfg = Debug|Any CPU
		{39B3ECA2-4260-465D-91F5-4B4E962A1142}.AppStore|ARM.Build.0 = Debug|Any CPU
		{39B3ECA2-4260-465D-91F5-4B4E962A1142}.AppStore|ARM.Deploy.0 = Debug|Any CPU
		{39B3ECA2-4260-465D-91F5-4B4E962A1142}.AppStore|iPhone.ActiveCfg = Debug|Any CPU
		{39B3ECA2-4260-465D-91F5-4B4E962A1142}.AppStore|iPhone.Build.0 = Debug|Any CPU
		{39B3ECA2-4260-465D-91F5-4B4E962A1142}.AppStore|iPhone.Deploy.0 = Debug|Any CPU
		{39B3ECA2-4260-465D-91F5-4B4E962A1142}.AppStore|iPhoneSimulator.ActiveCfg = Debug|Any CPU
		{39B3ECA2-4260-465D-91F5-4B4E962A1142}.AppStore|iPhoneSimulator.Build.0 = Debug|Any CPU
		{39B3ECA2-4260-465D-91F5-4B4E962A1142}.AppStore|iPhoneSimulator.Deploy.0 = Debug|Any CPU
		{39B3ECA2-4260-465D-91F5-4B4E962A1142}.AppStore|x64.ActiveCfg = Debug|Any CPU
		{39B3ECA2-4260-465D-91F5-4B4E962A1142}.AppStore|x64.Build.0 = Debug|Any CPU
		{39B3ECA2-4260-465D-91F5-4B4E962A1142}.AppStore|x64.Deploy.0 = Debug|Any CPU
		{39B3ECA2-4260-465D-91F5-4B4E962A1142}.AppStore|x86.ActiveCfg = Debug|Any CPU
		{39B3ECA2-4260-465D-91F5-4B4E962A1142}.AppStore|x86.Build.0 = Debug|Any CPU
		{39B3ECA2-4260-465D-91F5-4B4E962A1142}.AppStore|x86.Deploy.0 = Debug|Any CPU
		{39B3ECA2-4260-465D-91F5-4B4E962A1142}.Debug|Any CPU.ActiveCfg = Debug|Any CPU
		{39B3ECA2-4260-465D-91F5-4B4E962A1142}.Debug|Any CPU.Build.0 = Debug|Any CPU
		{39B3ECA2-4260-465D-91F5-4B4E962A1142}.Debug|Any CPU.Deploy.0 = Debug|Any CPU
		{39B3ECA2-4260-465D-91F5-4B4E962A1142}.Debug|ARM.ActiveCfg = Debug|Any CPU
		{39B3ECA2-4260-465D-91F5-4B4E962A1142}.Debug|ARM.Build.0 = Debug|Any CPU
		{39B3ECA2-4260-465D-91F5-4B4E962A1142}.Debug|ARM.Deploy.0 = Debug|Any CPU
		{39B3ECA2-4260-465D-91F5-4B4E962A1142}.Debug|iPhone.ActiveCfg = Debug|Any CPU
		{39B3ECA2-4260-465D-91F5-4B4E962A1142}.Debug|iPhone.Build.0 = Debug|Any CPU
		{39B3ECA2-4260-465D-91F5-4B4E962A1142}.Debug|iPhone.Deploy.0 = Debug|Any CPU
		{39B3ECA2-4260-465D-91F5-4B4E962A1142}.Debug|iPhoneSimulator.ActiveCfg = Debug|Any CPU
		{39B3ECA2-4260-465D-91F5-4B4E962A1142}.Debug|iPhoneSimulator.Build.0 = Debug|Any CPU
		{39B3ECA2-4260-465D-91F5-4B4E962A1142}.Debug|iPhoneSimulator.Deploy.0 = Debug|Any CPU
		{39B3ECA2-4260-465D-91F5-4B4E962A1142}.Debug|x64.ActiveCfg = Debug|Any CPU
		{39B3ECA2-4260-465D-91F5-4B4E962A1142}.Debug|x64.Build.0 = Debug|Any CPU
		{39B3ECA2-4260-465D-91F5-4B4E962A1142}.Debug|x64.Deploy.0 = Debug|Any CPU
		{39B3ECA2-4260-465D-91F5-4B4E962A1142}.Debug|x86.ActiveCfg = Debug|Any CPU
		{39B3ECA2-4260-465D-91F5-4B4E962A1142}.Debug|x86.Build.0 = Debug|Any CPU
		{39B3ECA2-4260-465D-91F5-4B4E962A1142}.Debug|x86.Deploy.0 = Debug|Any CPU
		{39B3ECA2-4260-465D-91F5-4B4E962A1142}.Release|Any CPU.ActiveCfg = Release|Any CPU
		{39B3ECA2-4260-465D-91F5-4B4E962A1142}.Release|Any CPU.Build.0 = Release|Any CPU
		{39B3ECA2-4260-465D-91F5-4B4E962A1142}.Release|Any CPU.Deploy.0 = Release|Any CPU
		{39B3ECA2-4260-465D-91F5-4B4E962A1142}.Release|ARM.ActiveCfg = Release|Any CPU
		{39B3ECA2-4260-465D-91F5-4B4E962A1142}.Release|ARM.Build.0 = Release|Any CPU
		{39B3ECA2-4260-465D-91F5-4B4E962A1142}.Release|ARM.Deploy.0 = Release|Any CPU
		{39B3ECA2-4260-465D-91F5-4B4E962A1142}.Release|iPhone.ActiveCfg = Release|Any CPU
		{39B3ECA2-4260-465D-91F5-4B4E962A1142}.Release|iPhone.Build.0 = Release|Any CPU
		{39B3ECA2-4260-465D-91F5-4B4E962A1142}.Release|iPhone.Deploy.0 = Release|Any CPU
		{39B3ECA2-4260-465D-91F5-4B4E962A1142}.Release|iPhoneSimulator.ActiveCfg = Release|Any CPU
		{39B3ECA2-4260-465D-91F5-4B4E962A1142}.Release|iPhoneSimulator.Build.0 = Release|Any CPU
		{39B3ECA2-4260-465D-91F5-4B4E962A1142}.Release|iPhoneSimulator.Deploy.0 = Release|Any CPU
		{39B3ECA2-4260-465D-91F5-4B4E962A1142}.Release|x64.ActiveCfg = Release|Any CPU
		{39B3ECA2-4260-465D-91F5-4B4E962A1142}.Release|x64.Build.0 = Release|Any CPU
		{39B3ECA2-4260-465D-91F5-4B4E962A1142}.Release|x64.Deploy.0 = Release|Any CPU
		{39B3ECA2-4260-465D-91F5-4B4E962A1142}.Release|x86.ActiveCfg = Release|Any CPU
		{39B3ECA2-4260-465D-91F5-4B4E962A1142}.Release|x86.Build.0 = Release|Any CPU
		{39B3ECA2-4260-465D-91F5-4B4E962A1142}.Release|x86.Deploy.0 = Release|Any CPU
	EndGlobalSection
	GlobalSection(SolutionProperties) = preSolution
		HideSolutionNode = FALSE
	EndGlobalSection
	GlobalSection(ExtensibilityGlobals) = postSolution
		SolutionGuid = {348AFA92-2186-4524-B123-B493036FB54F}
	EndGlobalSection
EndGlobal
