
Microsoft Visual Studio Solution File, Format Version 12.00
# Visual Studio 15
VisualStudioVersion = 15.0.28307.852
MinimumVisualStudioVersion = 10.0.40219.1
Project("{FAE04EC0-301F-11D3-BF4B-00C04F79EFBC}") = "bai1.Android", "bai1\bai1.Android\bai1.Android.csproj", "{F6793178-91F3-446C-A3B5-32185377D4A1}"
EndProject
Project("{FAE04EC0-301F-11D3-BF4B-00C04F79EFBC}") = "bai1.iOS", "bai1\bai1.iOS\bai1.iOS.csproj", "{D764F900-60E3-47B7-92DD-41C755305793}"
EndProject
Project("{FAE04EC0-301F-11D3-BF4B-00C04F79EFBC}") = "bai1.UWP", "bai1\bai1.UWP\bai1.UWP.csproj", "{A545605B-8A74-4B8C-9181-42D35EA2AEEF}"
EndProject
Project("{FAE04EC0-301F-11D3-BF4B-00C04F79EFBC}") = "bai1", "bai1\bai1\bai1.csproj", "{9349CA3C-5ABB-4437-8112-742C1CCE1206}"
EndProject
Global
	GlobalSection(SolutionConfigurationPlatforms) = preSolution
		Ad-Hoc|Any CPU = Ad-Hoc|Any CPU
		Ad-Hoc|ARM = Ad-Hoc|ARM
		Ad-Hoc|iPhone = Ad-Hoc|iPhone
		Ad-Hoc|iPhoneSimulator = Ad-Hoc|iPhoneSimulator
		Ad-Hoc|x64 = Ad-Hoc|x64
		Ad-Hoc|x86 = Ad-Hoc|x86
		AppStore|Any CPU = AppStore|Any CPU
		AppStore|ARM = AppStore|ARM
		AppStore|iPhone = AppStore|iPhone
		AppStore|iPhoneSimulator = AppStore|iPhoneSimulator
		AppStore|x64 = AppStore|x64
		AppStore|x86 = AppStore|x86
		Debug|Any CPU = Debug|Any CPU
		Debug|ARM = Debug|ARM
		Debug|iPhone = Debug|iPhone
		Debug|iPhoneSimulator = Debug|iPhoneSimulator
		Debug|x64 = Debug|x64
		Debug|x86 = Debug|x86
		Release|Any CPU = Release|Any CPU
		Release|ARM = Release|ARM
		Release|iPhone = Release|iPhone
		Release|iPhoneSimulator = Release|iPhoneSimulator
		Release|x64 = Release|x64
		Release|x86 = Release|x86
	EndGlobalSection
	GlobalSection(ProjectConfigurationPlatforms) = postSolution
		{F6793178-91F3-446C-A3B5-32185377D4A1}.Ad-Hoc|Any CPU.ActiveCfg = Release|Any CPU
		{F6793178-91F3-446C-A3B5-32185377D4A1}.Ad-Hoc|Any CPU.Build.0 = Release|Any CPU
		{F6793178-91F3-446C-A3B5-32185377D4A1}.Ad-Hoc|Any CPU.Deploy.0 = Release|Any CPU
		{F6793178-91F3-446C-A3B5-32185377D4A1}.Ad-Hoc|ARM.ActiveCfg = Release|Any CPU
		{F6793178-91F3-446C-A3B5-32185377D4A1}.Ad-Hoc|ARM.Build.0 = Release|Any CPU
		{F6793178-91F3-446C-A3B5-32185377D4A1}.Ad-Hoc|ARM.Deploy.0 = Release|Any CPU
		{F6793178-91F3-446C-A3B5-32185377D4A1}.Ad-Hoc|iPhone.ActiveCfg = Release|Any CPU
		{F6793178-91F3-446C-A3B5-32185377D4A1}.Ad-Hoc|iPhone.Build.0 = Release|Any CPU
		{F6793178-91F3-446C-A3B5-32185377D4A1}.Ad-Hoc|iPhone.Deploy.0 = Release|Any CPU
		{F6793178-91F3-446C-A3B5-32185377D4A1}.Ad-Hoc|iPhoneSimulator.ActiveCfg = Release|Any CPU
		{F6793178-91F3-446C-A3B5-32185377D4A1}.Ad-Hoc|iPhoneSimulator.Build.0 = Release|Any CPU
		{F6793178-91F3-446C-A3B5-32185377D4A1}.Ad-Hoc|iPhoneSimulator.Deploy.0 = Release|Any CPU
		{F6793178-91F3-446C-A3B5-32185377D4A1}.Ad-Hoc|x64.ActiveCfg = Release|Any CPU
		{F6793178-91F3-446C-A3B5-32185377D4A1}.Ad-Hoc|x64.Build.0 = Release|Any CPU
		{F6793178-91F3-446C-A3B5-32185377D4A1}.Ad-Hoc|x64.Deploy.0 = Release|Any CPU
		{F6793178-91F3-446C-A3B5-32185377D4A1}.Ad-Hoc|x86.ActiveCfg = Release|Any CPU
		{F6793178-91F3-446C-A3B5-32185377D4A1}.Ad-Hoc|x86.Build.0 = Release|Any CPU
		{F6793178-91F3-446C-A3B5-32185377D4A1}.Ad-Hoc|x86.Deploy.0 = Release|Any CPU
		{F6793178-91F3-446C-A3B5-32185377D4A1}.AppStore|Any CPU.ActiveCfg = Release|Any CPU
		{F6793178-91F3-446C-A3B5-32185377D4A1}.AppStore|Any CPU.Build.0 = Release|Any CPU
		{F6793178-91F3-446C-A3B5-32185377D4A1}.AppStore|Any CPU.Deploy.0 = Release|Any CPU
		{F6793178-91F3-446C-A3B5-32185377D4A1}.AppStore|ARM.ActiveCfg = Release|Any CPU
		{F6793178-91F3-446C-A3B5-32185377D4A1}.AppStore|ARM.Build.0 = Release|Any CPU
		{F6793178-91F3-446C-A3B5-32185377D4A1}.AppStore|ARM.Deploy.0 = Release|Any CPU
		{F6793178-91F3-446C-A3B5-32185377D4A1}.AppStore|iPhone.ActiveCfg = Release|Any CPU
		{F6793178-91F3-446C-A3B5-32185377D4A1}.AppStore|iPhone.Build.0 = Release|Any CPU
		{F6793178-91F3-446C-A3B5-32185377D4A1}.AppStore|iPhone.Deploy.0 = Release|Any CPU
		{F6793178-91F3-446C-A3B5-32185377D4A1}.AppStore|iPhoneSimulator.ActiveCfg = Release|Any CPU
		{F6793178-91F3-446C-A3B5-32185377D4A1}.AppStore|iPhoneSimulator.Build.0 = Release|Any CPU
		{F6793178-91F3-446C-A3B5-32185377D4A1}.AppStore|iPhoneSimulator.Deploy.0 = Release|Any CPU
		{F6793178-91F3-446C-A3B5-32185377D4A1}.AppStore|x64.ActiveCfg = Release|Any CPU
		{F6793178-91F3-446C-A3B5-32185377D4A1}.AppStore|x64.Build.0 = Release|Any CPU
		{F6793178-91F3-446C-A3B5-32185377D4A1}.AppStore|x64.Deploy.0 = Release|Any CPU
		{F6793178-91F3-446C-A3B5-32185377D4A1}.AppStore|x86.ActiveCfg = Release|Any CPU
		{F6793178-91F3-446C-A3B5-32185377D4A1}.AppStore|x86.Build.0 = Release|Any CPU
		{F6793178-91F3-446C-A3B5-32185377D4A1}.AppStore|x86.Deploy.0 = Release|Any CPU
		{F6793178-91F3-446C-A3B5-32185377D4A1}.Debug|Any CPU.ActiveCfg = Debug|Any CPU
		{F6793178-91F3-446C-A3B5-32185377D4A1}.Debug|Any CPU.Build.0 = Debug|Any CPU
		{F6793178-91F3-446C-A3B5-32185377D4A1}.Debug|Any CPU.Deploy.0 = Debug|Any CPU
		{F6793178-91F3-446C-A3B5-32185377D4A1}.Debug|ARM.ActiveCfg = Debug|Any CPU
		{F6793178-91F3-446C-A3B5-32185377D4A1}.Debug|ARM.Build.0 = Debug|Any CPU
		{F6793178-91F3-446C-A3B5-32185377D4A1}.Debug|ARM.Deploy.0 = Debug|Any CPU
		{F6793178-91F3-446C-A3B5-32185377D4A1}.Debug|iPhone.ActiveCfg = Debug|Any CPU
		{F6793178-91F3-446C-A3B5-32185377D4A1}.Debug|iPhone.Build.0 = Debug|Any CPU
		{F6793178-91F3-446C-A3B5-32185377D4A1}.Debug|iPhone.Deploy.0 = Debug|Any CPU
		{F6793178-91F3-446C-A3B5-32185377D4A1}.Debug|iPhoneSimulator.ActiveCfg = Debug|Any CPU
		{F6793178-91F3-446C-A3B5-32185377D4A1}.Debug|iPhoneSimulator.Build.0 = Debug|Any CPU
		{F6793178-91F3-446C-A3B5-32185377D4A1}.Debug|iPhoneSimulator.Deploy.0 = Debug|Any CPU
		{F6793178-91F3-446C-A3B5-32185377D4A1}.Debug|x64.ActiveCfg = Debug|Any CPU
		{F6793178-91F3-446C-A3B5-32185377D4A1}.Debug|x64.Build.0 = Debug|Any CPU
		{F6793178-91F3-446C-A3B5-32185377D4A1}.Debug|x64.Deploy.0 = Debug|Any CPU
		{F6793178-91F3-446C-A3B5-32185377D4A1}.Debug|x86.ActiveCfg = Debug|Any CPU
		{F6793178-91F3-446C-A3B5-32185377D4A1}.Debug|x86.Build.0 = Debug|Any CPU
		{F6793178-91F3-446C-A3B5-32185377D4A1}.Debug|x86.Deploy.0 = Debug|Any CPU
		{F6793178-91F3-446C-A3B5-32185377D4A1}.Release|Any CPU.ActiveCfg = Release|Any CPU
		{F6793178-91F3-446C-A3B5-32185377D4A1}.Release|Any CPU.Build.0 = Release|Any CPU
		{F6793178-91F3-446C-A3B5-32185377D4A1}.Release|Any CPU.Deploy.0 = Release|Any CPU
		{F6793178-91F3-446C-A3B5-32185377D4A1}.Release|ARM.ActiveCfg = Release|Any CPU
		{F6793178-91F3-446C-A3B5-32185377D4A1}.Release|ARM.Build.0 = Release|Any CPU
		{F6793178-91F3-446C-A3B5-32185377D4A1}.Release|ARM.Deploy.0 = Release|Any CPU
		{F6793178-91F3-446C-A3B5-32185377D4A1}.Release|iPhone.ActiveCfg = Release|Any CPU
		{F6793178-91F3-446C-A3B5-32185377D4A1}.Release|iPhone.Build.0 = Release|Any CPU
		{F6793178-91F3-446C-A3B5-32185377D4A1}.Release|iPhone.Deploy.0 = Release|Any CPU
		{F6793178-91F3-446C-A3B5-32185377D4A1}.Release|iPhoneSimulator.ActiveCfg = Release|Any CPU
		{F6793178-91F3-446C-A3B5-32185377D4A1}.Release|iPhoneSimulator.Build.0 = Release|Any CPU
		{F6793178-91F3-446C-A3B5-32185377D4A1}.Release|iPhoneSimulator.Deploy.0 = Release|Any CPU
		{F6793178-91F3-446C-A3B5-32185377D4A1}.Release|x64.ActiveCfg = Release|Any CPU
		{F6793178-91F3-446C-A3B5-32185377D4A1}.Release|x64.Build.0 = Release|Any CPU
		{F6793178-91F3-446C-A3B5-32185377D4A1}.Release|x64.Deploy.0 = Release|Any CPU
		{F6793178-91F3-446C-A3B5-32185377D4A1}.Release|x86.ActiveCfg = Release|Any CPU
		{F6793178-91F3-446C-A3B5-32185377D4A1}.Release|x86.Build.0 = Release|Any CPU
		{F6793178-91F3-446C-A3B5-32185377D4A1}.Release|x86.Deploy.0 = Release|Any CPU
		{D764F900-60E3-47B7-92DD-41C755305793}.Ad-Hoc|Any CPU.ActiveCfg = Ad-Hoc|iPhone
		{D764F900-60E3-47B7-92DD-41C755305793}.Ad-Hoc|Any CPU.Build.0 = Ad-Hoc|iPhone
		{D764F900-60E3-47B7-92DD-41C755305793}.Ad-Hoc|Any CPU.Deploy.0 = Ad-Hoc|iPhone
		{D764F900-60E3-47B7-92DD-41C755305793}.Ad-Hoc|ARM.ActiveCfg = Ad-Hoc|iPhone
		{D764F900-60E3-47B7-92DD-41C755305793}.Ad-Hoc|ARM.Build.0 = Ad-Hoc|iPhone
		{D764F900-60E3-47B7-92DD-41C755305793}.Ad-Hoc|ARM.Deploy.0 = Ad-Hoc|iPhone
		{D764F900-60E3-47B7-92DD-41C755305793}.Ad-Hoc|iPhone.ActiveCfg = Ad-Hoc|iPhone
		{D764F900-60E3-47B7-92DD-41C755305793}.Ad-Hoc|iPhone.Build.0 = Ad-Hoc|iPhone
		{D764F900-60E3-47B7-92DD-41C755305793}.Ad-Hoc|iPhone.Deploy.0 = Ad-Hoc|iPhone
		{D764F900-60E3-47B7-92DD-41C755305793}.Ad-Hoc|iPhoneSimulator.ActiveCfg = Ad-Hoc|iPhoneSimulator
		{D764F900-60E3-47B7-92DD-41C755305793}.Ad-Hoc|iPhoneSimulator.Build.0 = Ad-Hoc|iPhoneSimulator
		{D764F900-60E3-47B7-92DD-41C755305793}.Ad-Hoc|iPhoneSimulator.Deploy.0 = Ad-Hoc|iPhoneSimulator
		{D764F900-60E3-47B7-92DD-41C755305793}.Ad-Hoc|x64.ActiveCfg = Ad-Hoc|iPhone
		{D764F900-60E3-47B7-92DD-41C755305793}.Ad-Hoc|x64.Build.0 = Ad-Hoc|iPhone
		{D764F900-60E3-47B7-92DD-41C755305793}.Ad-Hoc|x64.Deploy.0 = Ad-Hoc|iPhone
		{D764F900-60E3-47B7-92DD-41C755305793}.Ad-Hoc|x86.ActiveCfg = Ad-Hoc|iPhone
		{D764F900-60E3-47B7-92DD-41C755305793}.Ad-Hoc|x86.Build.0 = Ad-Hoc|iPhone
		{D764F900-60E3-47B7-92DD-41C755305793}.Ad-Hoc|x86.Deploy.0 = Ad-Hoc|iPhone
		{D764F900-60E3-47B7-92DD-41C755305793}.AppStore|Any CPU.ActiveCfg = AppStore|iPhone
		{D764F900-60E3-47B7-92DD-41C755305793}.AppStore|Any CPU.Build.0 = AppStore|iPhone
		{D764F900-60E3-47B7-92DD-41C755305793}.AppStore|Any CPU.Deploy.0 = AppStore|iPhone
		{D764F900-60E3-47B7-92DD-41C755305793}.AppStore|ARM.ActiveCfg = AppStore|iPhone
		{D764F900-60E3-47B7-92DD-41C755305793}.AppStore|ARM.Build.0 = AppStore|iPhone
		{D764F900-60E3-47B7-92DD-41C755305793}.AppStore|ARM.Deploy.0 = AppStore|iPhone
		{D764F900-60E3-47B7-92DD-41C755305793}.AppStore|iPhone.ActiveCfg = AppStore|iPhone
		{D764F900-60E3-47B7-92DD-41C755305793}.AppStore|iPhone.Build.0 = AppStore|iPhone
		{D764F900-60E3-47B7-92DD-41C755305793}.AppStore|iPhone.Deploy.0 = AppStore|iPhone
		{D764F900-60E3-47B7-92DD-41C755305793}.AppStore|iPhoneSimulator.ActiveCfg = AppStore|iPhoneSimulator
		{D764F900-60E3-47B7-92DD-41C755305793}.AppStore|iPhoneSimulator.Build.0 = AppStore|iPhoneSimulator
		{D764F900-60E3-47B7-92DD-41C755305793}.AppStore|iPhoneSimulator.Deploy.0 = AppStore|iPhoneSimulator
		{D764F900-60E3-47B7-92DD-41C755305793}.AppStore|x64.ActiveCfg = AppStore|iPhone
		{D764F900-60E3-47B7-92DD-41C755305793}.AppStore|x64.Build.0 = AppStore|iPhone
		{D764F900-60E3-47B7-92DD-41C755305793}.AppStore|x64.Deploy.0 = AppStore|iPhone
		{D764F900-60E3-47B7-92DD-41C755305793}.AppStore|x86.ActiveCfg = AppStore|iPhone
		{D764F900-60E3-47B7-92DD-41C755305793}.AppStore|x86.Build.0 = AppStore|iPhone
		{D764F900-60E3-47B7-92DD-41C755305793}.AppStore|x86.Deploy.0 = AppStore|iPhone
		{D764F900-60E3-47B7-92DD-41C755305793}.Debug|Any CPU.ActiveCfg = Debug|iPhoneSimulator
		{D764F900-60E3-47B7-92DD-41C755305793}.Debug|Any CPU.Build.0 = Debug|iPhoneSimulator
		{D764F900-60E3-47B7-92DD-41C755305793}.Debug|Any CPU.Deploy.0 = Debug|iPhoneSimulator
		{D764F900-60E3-47B7-92DD-41C755305793}.Debug|ARM.ActiveCfg = Debug|iPhone
		{D764F900-60E3-47B7-92DD-41C755305793}.Debug|ARM.Build.0 = Debug|iPhone
		{D764F900-60E3-47B7-92DD-41C755305793}.Debug|ARM.Deploy.0 = Debug|iPhone
		{D764F900-60E3-47B7-92DD-41C755305793}.Debug|iPhone.ActiveCfg = Debug|iPhone
		{D764F900-60E3-47B7-92DD-41C755305793}.Debug|iPhone.Build.0 = Debug|iPhone
		{D764F900-60E3-47B7-92DD-41C755305793}.Debug|iPhone.Deploy.0 = Debug|iPhone
		{D764F900-60E3-47B7-92DD-41C755305793}.Debug|iPhoneSimulator.ActiveCfg = Debug|iPhoneSimulator
		{D764F900-60E3-47B7-92DD-41C755305793}.Debug|iPhoneSimulator.Build.0 = Debug|iPhoneSimulator
		{D764F900-60E3-47B7-92DD-41C755305793}.Debug|iPhoneSimulator.Deploy.0 = Debug|iPhoneSimulator
		{D764F900-60E3-47B7-92DD-41C755305793}.Debug|x64.ActiveCfg = Debug|iPhone
		{D764F900-60E3-47B7-92DD-41C755305793}.Debug|x64.Build.0 = Debug|iPhone
		{D764F900-60E3-47B7-92DD-41C755305793}.Debug|x64.Deploy.0 = Debug|iPhone
		{D764F900-60E3-47B7-92DD-41C755305793}.Debug|x86.ActiveCfg = Debug|iPhone
		{D764F900-60E3-47B7-92DD-41C755305793}.Debug|x86.Build.0 = Debug|iPhone
		{D764F900-60E3-47B7-92DD-41C755305793}.Debug|x86.Deploy.0 = Debug|iPhone
		{D764F900-60E3-47B7-92DD-41C755305793}.Release|Any CPU.ActiveCfg = Release|iPhone
		{D764F900-60E3-47B7-92DD-41C755305793}.Release|Any CPU.Build.0 = Release|iPhone
		{D764F900-60E3-47B7-92DD-41C755305793}.Release|Any CPU.Deploy.0 = Release|iPhone
		{D764F900-60E3-47B7-92DD-41C755305793}.Release|ARM.ActiveCfg = Release|iPhone
		{D764F900-60E3-47B7-92DD-41C755305793}.Release|ARM.Build.0 = Release|iPhone
		{D764F900-60E3-47B7-92DD-41C755305793}.Release|ARM.Deploy.0 = Release|iPhone
		{D764F900-60E3-47B7-92DD-41C755305793}.Release|iPhone.ActiveCfg = Release|iPhone
		{D764F900-60E3-47B7-92DD-41C755305793}.Release|iPhone.Build.0 = Release|iPhone
		{D764F900-60E3-47B7-92DD-41C755305793}.Release|iPhone.Deploy.0 = Release|iPhone
		{D764F900-60E3-47B7-92DD-41C755305793}.Release|iPhoneSimulator.ActiveCfg = Release|iPhoneSimulator
		{D764F900-60E3-47B7-92DD-41C755305793}.Release|iPhoneSimulator.Build.0 = Release|iPhoneSimulator
		{D764F900-60E3-47B7-92DD-41C755305793}.Release|iPhoneSimulator.Deploy.0 = Release|iPhoneSimulator
		{D764F900-60E3-47B7-92DD-41C755305793}.Release|x64.ActiveCfg = Release|iPhone
		{D764F900-60E3-47B7-92DD-41C755305793}.Release|x64.Build.0 = Release|iPhone
		{D764F900-60E3-47B7-92DD-41C755305793}.Release|x64.Deploy.0 = Release|iPhone
		{D764F900-60E3-47B7-92DD-41C755305793}.Release|x86.ActiveCfg = Release|iPhone
		{D764F900-60E3-47B7-92DD-41C755305793}.Release|x86.Build.0 = Release|iPhone
		{D764F900-60E3-47B7-92DD-41C755305793}.Release|x86.Deploy.0 = Release|iPhone
		{A545605B-8A74-4B8C-9181-42D35EA2AEEF}.Ad-Hoc|Any CPU.ActiveCfg = Release|x86
		{A545605B-8A74-4B8C-9181-42D35EA2AEEF}.Ad-Hoc|Any CPU.Build.0 = Release|x86
		{A545605B-8A74-4B8C-9181-42D35EA2AEEF}.Ad-Hoc|Any CPU.Deploy.0 = Release|x86
		{A545605B-8A74-4B8C-9181-42D35EA2AEEF}.Ad-Hoc|ARM.ActiveCfg = Release|ARM
		{A545605B-8A74-4B8C-9181-42D35EA2AEEF}.Ad-Hoc|ARM.Build.0 = Release|ARM
		{A545605B-8A74-4B8C-9181-42D35EA2AEEF}.Ad-Hoc|ARM.Deploy.0 = Release|ARM
		{A545605B-8A74-4B8C-9181-42D35EA2AEEF}.Ad-Hoc|iPhone.ActiveCfg = Release|x86
		{A545605B-8A74-4B8C-9181-42D35EA2AEEF}.Ad-Hoc|iPhone.Build.0 = Release|x86
		{A545605B-8A74-4B8C-9181-42D35EA2AEEF}.Ad-Hoc|iPhone.Deploy.0 = Release|x86
		{A545605B-8A74-4B8C-9181-42D35EA2AEEF}.Ad-Hoc|iPhoneSimulator.ActiveCfg = Release|x86
		{A545605B-8A74-4B8C-9181-42D35EA2AEEF}.Ad-Hoc|iPhoneSimulator.Build.0 = Release|x86
		{A545605B-8A74-4B8C-9181-42D35EA2AEEF}.Ad-Hoc|iPhoneSimulator.Deploy.0 = Release|x86
		{A545605B-8A74-4B8C-9181-42D35EA2AEEF}.Ad-Hoc|x64.ActiveCfg = Release|x64
		{A545605B-8A74-4B8C-9181-42D35EA2AEEF}.Ad-Hoc|x64.Build.0 = Release|x64
		{A545605B-8A74-4B8C-9181-42D35EA2AEEF}.Ad-Hoc|x64.Deploy.0 = Release|x64
		{A545605B-8A74-4B8C-9181-42D35EA2AEEF}.Ad-Hoc|x86.ActiveCfg = Release|x86
		{A545605B-8A74-4B8C-9181-42D35EA2AEEF}.Ad-Hoc|x86.Build.0 = Release|x86
		{A545605B-8A74-4B8C-9181-42D35EA2AEEF}.Ad-Hoc|x86.Deploy.0 = Release|x86
		{A545605B-8A74-4B8C-9181-42D35EA2AEEF}.AppStore|Any CPU.ActiveCfg = Release|x86
		{A545605B-8A74-4B8C-9181-42D35EA2AEEF}.AppStore|Any CPU.Build.0 = Release|x86
		{A545605B-8A74-4B8C-9181-42D35EA2AEEF}.AppStore|Any CPU.Deploy.0 = Release|x86
		{A545605B-8A74-4B8C-9181-42D35EA2AEEF}.AppStore|ARM.ActiveCfg = Release|ARM
		{A545605B-8A74-4B8C-9181-42D35EA2AEEF}.AppStore|ARM.Build.0 = Release|ARM
		{A545605B-8A74-4B8C-9181-42D35EA2AEEF}.AppStore|ARM.Deploy.0 = Release|ARM
		{A545605B-8A74-4B8C-9181-42D35EA2AEEF}.AppStore|iPhone.ActiveCfg = Release|x86
		{A545605B-8A74-4B8C-9181-42D35EA2AEEF}.AppStore|iPhone.Build.0 = Release|x86
		{A545605B-8A74-4B8C-9181-42D35EA2AEEF}.AppStore|iPhone.Deploy.0 = Release|x86
		{A545605B-8A74-4B8C-9181-42D35EA2AEEF}.AppStore|iPhoneSimulator.ActiveCfg = Release|x86
		{A545605B-8A74-4B8C-9181-42D35EA2AEEF}.AppStore|iPhoneSimulator.Build.0 = Release|x86
		{A545605B-8A74-4B8C-9181-42D35EA2AEEF}.AppStore|iPhoneSimulator.Deploy.0 = Release|x86
		{A545605B-8A74-4B8C-9181-42D35EA2AEEF}.AppStore|x64.ActiveCfg = Release|x64
		{A545605B-8A74-4B8C-9181-42D35EA2AEEF}.AppStore|x64.Build.0 = Release|x64
		{A545605B-8A74-4B8C-9181-42D35EA2AEEF}.AppStore|x64.Deploy.0 = Release|x64
		{A545605B-8A74-4B8C-9181-42D35EA2AEEF}.AppStore|x86.ActiveCfg = Release|x86
		{A545605B-8A74-4B8C-9181-42D35EA2AEEF}.AppStore|x86.Build.0 = Release|x86
		{A545605B-8A74-4B8C-9181-42D35EA2AEEF}.AppStore|x86.Deploy.0 = Release|x86
		{A545605B-8A74-4B8C-9181-42D35EA2AEEF}.Debug|Any CPU.ActiveCfg = Debug|x86
		{A545605B-8A74-4B8C-9181-42D35EA2AEEF}.Debug|Any CPU.Build.0 = Debug|x86
		{A545605B-8A74-4B8C-9181-42D35EA2AEEF}.Debug|Any CPU.Deploy.0 = Debug|x86
		{A545605B-8A74-4B8C-9181-42D35EA2AEEF}.Debug|ARM.ActiveCfg = Debug|ARM
		{A545605B-8A74-4B8C-9181-42D35EA2AEEF}.Debug|ARM.Build.0 = Debug|ARM
		{A545605B-8A74-4B8C-9181-42D35EA2AEEF}.Debug|ARM.Deploy.0 = Debug|ARM
		{A545605B-8A74-4B8C-9181-42D35EA2AEEF}.Debug|iPhone.ActiveCfg = Debug|x86
		{A545605B-8A74-4B8C-9181-42D35EA2AEEF}.Debug|iPhone.Build.0 = Debug|x86
		{A545605B-8A74-4B8C-9181-42D35EA2AEEF}.Debug|iPhone.Deploy.0 = Debug|x86
		{A545605B-8A74-4B8C-9181-42D35EA2AEEF}.Debug|iPhoneSimulator.ActiveCfg = Debug|x86
		{A545605B-8A74-4B8C-9181-42D35EA2AEEF}.Debug|iPhoneSimulator.Build.0 = Debug|x86
		{A545605B-8A74-4B8C-9181-42D35EA2AEEF}.Debug|iPhoneSimulator.Deploy.0 = Debug|x86
		{A545605B-8A74-4B8C-9181-42D35EA2AEEF}.Debug|x64.ActiveCfg = Debug|x64
		{A545605B-8A74-4B8C-9181-42D35EA2AEEF}.Debug|x64.Build.0 = Debug|x64
		{A545605B-8A74-4B8C-9181-42D35EA2AEEF}.Debug|x64.Deploy.0 = Debug|x64
		{A545605B-8A74-4B8C-9181-42D35EA2AEEF}.Debug|x86.ActiveCfg = Debug|x86
		{A545605B-8A74-4B8C-9181-42D35EA2AEEF}.Debug|x86.Build.0 = Debug|x86
		{A545605B-8A74-4B8C-9181-42D35EA2AEEF}.Debug|x86.Deploy.0 = Debug|x86
		{A545605B-8A74-4B8C-9181-42D35EA2AEEF}.Release|Any CPU.ActiveCfg = Release|x86
		{A545605B-8A74-4B8C-9181-42D35EA2AEEF}.Release|Any CPU.Build.0 = Release|x86
		{A545605B-8A74-4B8C-9181-42D35EA2AEEF}.Release|Any CPU.Deploy.0 = Release|x86
		{A545605B-8A74-4B8C-9181-42D35EA2AEEF}.Release|ARM.ActiveCfg = Release|ARM
		{A545605B-8A74-4B8C-9181-42D35EA2AEEF}.Release|ARM.Build.0 = Release|ARM
		{A545605B-8A74-4B8C-9181-42D35EA2AEEF}.Release|ARM.Deploy.0 = Release|ARM
		{A545605B-8A74-4B8C-9181-42D35EA2AEEF}.Release|iPhone.ActiveCfg = Release|x86
		{A545605B-8A74-4B8C-9181-42D35EA2AEEF}.Release|iPhone.Build.0 = Release|x86
		{A545605B-8A74-4B8C-9181-42D35EA2AEEF}.Release|iPhone.Deploy.0 = Release|x86
		{A545605B-8A74-4B8C-9181-42D35EA2AEEF}.Release|iPhoneSimulator.ActiveCfg = Release|x86
		{A545605B-8A74-4B8C-9181-42D35EA2AEEF}.Release|iPhoneSimulator.Build.0 = Release|x86
		{A545605B-8A74-4B8C-9181-42D35EA2AEEF}.Release|iPhoneSimulator.Deploy.0 = Release|x86
		{A545605B-8A74-4B8C-9181-42D35EA2AEEF}.Release|x64.ActiveCfg = Release|x64
		{A545605B-8A74-4B8C-9181-42D35EA2AEEF}.Release|x64.Build.0 = Release|x64
		{A545605B-8A74-4B8C-9181-42D35EA2AEEF}.Release|x64.Deploy.0 = Release|x64
		{A545605B-8A74-4B8C-9181-42D35EA2AEEF}.Release|x86.ActiveCfg = Release|x86
		{A545605B-8A74-4B8C-9181-42D35EA2AEEF}.Release|x86.Build.0 = Release|x86
		{A545605B-8A74-4B8C-9181-42D35EA2AEEF}.Release|x86.Deploy.0 = Release|x86
		{9349CA3C-5ABB-4437-8112-742C1CCE1206}.Ad-Hoc|Any CPU.ActiveCfg = Debug|Any CPU
		{9349CA3C-5ABB-4437-8112-742C1CCE1206}.Ad-Hoc|Any CPU.Build.0 = Debug|Any CPU
		{9349CA3C-5ABB-4437-8112-742C1CCE1206}.Ad-Hoc|Any CPU.Deploy.0 = Debug|Any CPU
		{9349CA3C-5ABB-4437-8112-742C1CCE1206}.Ad-Hoc|ARM.ActiveCfg = Debug|Any CPU
		{9349CA3C-5ABB-4437-8112-742C1CCE1206}.Ad-Hoc|ARM.Build.0 = Debug|Any CPU
		{9349CA3C-5ABB-4437-8112-742C1CCE1206}.Ad-Hoc|ARM.Deploy.0 = Debug|Any CPU
		{9349CA3C-5ABB-4437-8112-742C1CCE1206}.Ad-Hoc|iPhone.ActiveCfg = Debug|Any CPU
		{9349CA3C-5ABB-4437-8112-742C1CCE1206}.Ad-Hoc|iPhone.Build.0 = Debug|Any CPU
		{9349CA3C-5ABB-4437-8112-742C1CCE1206}.Ad-Hoc|iPhone.Deploy.0 = Debug|Any CPU
		{9349CA3C-5ABB-4437-8112-742C1CCE1206}.Ad-Hoc|iPhoneSimulator.ActiveCfg = Debug|Any CPU
		{9349CA3C-5ABB-4437-8112-742C1CCE1206}.Ad-Hoc|iPhoneSimulator.Build.0 = Debug|Any CPU
		{9349CA3C-5ABB-4437-8112-742C1CCE1206}.Ad-Hoc|iPhoneSimulator.Deploy.0 = Debug|Any CPU
		{9349CA3C-5ABB-4437-8112-742C1CCE1206}.Ad-Hoc|x64.ActiveCfg = Debug|Any CPU
		{9349CA3C-5ABB-4437-8112-742C1CCE1206}.Ad-Hoc|x64.Build.0 = Debug|Any CPU
		{9349CA3C-5ABB-4437-8112-742C1CCE1206}.Ad-Hoc|x64.Deploy.0 = Debug|Any CPU
		{9349CA3C-5ABB-4437-8112-742C1CCE1206}.Ad-Hoc|x86.ActiveCfg = Debug|Any CPU
		{9349CA3C-5ABB-4437-8112-742C1CCE1206}.Ad-Hoc|x86.Build.0 = Debug|Any CPU
		{9349CA3C-5ABB-4437-8112-742C1CCE1206}.Ad-Hoc|x86.Deploy.0 = Debug|Any CPU
		{9349CA3C-5ABB-4437-8112-742C1CCE1206}.AppStore|Any CPU.ActiveCfg = Debug|Any CPU
		{9349CA3C-5ABB-4437-8112-742C1CCE1206}.AppStore|Any CPU.Build.0 = Debug|Any CPU
		{9349CA3C-5ABB-4437-8112-742C1CCE1206}.AppStore|Any CPU.Deploy.0 = Debug|Any CPU
		{9349CA3C-5ABB-4437-8112-742C1CCE1206}.AppStore|ARM.ActiveCfg = Debug|Any CPU
		{9349CA3C-5ABB-4437-8112-742C1CCE1206}.AppStore|ARM.Build.0 = Debug|Any CPU
		{9349CA3C-5ABB-4437-8112-742C1CCE1206}.AppStore|ARM.Deploy.0 = Debug|Any CPU
		{9349CA3C-5ABB-4437-8112-742C1CCE1206}.AppStore|iPhone.ActiveCfg = Debug|Any CPU
		{9349CA3C-5ABB-4437-8112-742C1CCE1206}.AppStore|iPhone.Build.0 = Debug|Any CPU
		{9349CA3C-5ABB-4437-8112-742C1CCE1206}.AppStore|iPhone.Deploy.0 = Debug|Any CPU
		{9349CA3C-5ABB-4437-8112-742C1CCE1206}.AppStore|iPhoneSimulator.ActiveCfg = Debug|Any CPU
		{9349CA3C-5ABB-4437-8112-742C1CCE1206}.AppStore|iPhoneSimulator.Build.0 = Debug|Any CPU
		{9349CA3C-5ABB-4437-8112-742C1CCE1206}.AppStore|iPhoneSimulator.Deploy.0 = Debug|Any CPU
		{9349CA3C-5ABB-4437-8112-742C1CCE1206}.AppStore|x64.ActiveCfg = Debug|Any CPU
		{9349CA3C-5ABB-4437-8112-742C1CCE1206}.AppStore|x64.Build.0 = Debug|Any CPU
		{9349CA3C-5ABB-4437-8112-742C1CCE1206}.AppStore|x64.Deploy.0 = Debug|Any CPU
		{9349CA3C-5ABB-4437-8112-742C1CCE1206}.AppStore|x86.ActiveCfg = Debug|Any CPU
		{9349CA3C-5ABB-4437-8112-742C1CCE1206}.AppStore|x86.Build.0 = Debug|Any CPU
		{9349CA3C-5ABB-4437-8112-742C1CCE1206}.AppStore|x86.Deploy.0 = Debug|Any CPU
		{9349CA3C-5ABB-4437-8112-742C1CCE1206}.Debug|Any CPU.ActiveCfg = Debug|Any CPU
		{9349CA3C-5ABB-4437-8112-742C1CCE1206}.Debug|Any CPU.Build.0 = Debug|Any CPU
		{9349CA3C-5ABB-4437-8112-742C1CCE1206}.Debug|Any CPU.Deploy.0 = Debug|Any CPU
		{9349CA3C-5ABB-4437-8112-742C1CCE1206}.Debug|ARM.ActiveCfg = Debug|Any CPU
		{9349CA3C-5ABB-4437-8112-742C1CCE1206}.Debug|ARM.Build.0 = Debug|Any CPU
		{9349CA3C-5ABB-4437-8112-742C1CCE1206}.Debug|ARM.Deploy.0 = Debug|Any CPU
		{9349CA3C-5ABB-4437-8112-742C1CCE1206}.Debug|iPhone.ActiveCfg = Debug|Any CPU
		{9349CA3C-5ABB-4437-8112-742C1CCE1206}.Debug|iPhone.Build.0 = Debug|Any CPU
		{9349CA3C-5ABB-4437-8112-742C1CCE1206}.Debug|iPhone.Deploy.0 = Debug|Any CPU
		{9349CA3C-5ABB-4437-8112-742C1CCE1206}.Debug|iPhoneSimulator.ActiveCfg = Debug|Any CPU
		{9349CA3C-5ABB-4437-8112-742C1CCE1206}.Debug|iPhoneSimulator.Build.0 = Debug|Any CPU
		{9349CA3C-5ABB-4437-8112-742C1CCE1206}.Debug|iPhoneSimulator.Deploy.0 = Debug|Any CPU
		{9349CA3C-5ABB-4437-8112-742C1CCE1206}.Debug|x64.ActiveCfg = Debug|Any CPU
		{9349CA3C-5ABB-4437-8112-742C1CCE1206}.Debug|x64.Build.0 = Debug|Any CPU
		{9349CA3C-5ABB-4437-8112-742C1CCE1206}.Debug|x64.Deploy.0 = Debug|Any CPU
		{9349CA3C-5ABB-4437-8112-742C1CCE1206}.Debug|x86.ActiveCfg = Debug|Any CPU
		{9349CA3C-5ABB-4437-8112-742C1CCE1206}.Debug|x86.Build.0 = Debug|Any CPU
		{9349CA3C-5ABB-4437-8112-742C1CCE1206}.Debug|x86.Deploy.0 = Debug|Any CPU
		{9349CA3C-5ABB-4437-8112-742C1CCE1206}.Release|Any CPU.ActiveCfg = Release|Any CPU
		{9349CA3C-5ABB-4437-8112-742C1CCE1206}.Release|Any CPU.Build.0 = Release|Any CPU
		{9349CA3C-5ABB-4437-8112-742C1CCE1206}.Release|Any CPU.Deploy.0 = Release|Any CPU
		{9349CA3C-5ABB-4437-8112-742C1CCE1206}.Release|ARM.ActiveCfg = Release|Any CPU
		{9349CA3C-5ABB-4437-8112-742C1CCE1206}.Release|ARM.Build.0 = Release|Any CPU
		{9349CA3C-5ABB-4437-8112-742C1CCE1206}.Release|ARM.Deploy.0 = Release|Any CPU
		{9349CA3C-5ABB-4437-8112-742C1CCE1206}.Release|iPhone.ActiveCfg = Release|Any CPU
		{9349CA3C-5ABB-4437-8112-742C1CCE1206}.Release|iPhone.Build.0 = Release|Any CPU
		{9349CA3C-5ABB-4437-8112-742C1CCE1206}.Release|iPhone.Deploy.0 = Release|Any CPU
		{9349CA3C-5ABB-4437-8112-742C1CCE1206}.Release|iPhoneSimulator.ActiveCfg = Release|Any CPU
		{9349CA3C-5ABB-4437-8112-742C1CCE1206}.Release|iPhoneSimulator.Build.0 = Release|Any CPU
		{9349CA3C-5ABB-4437-8112-742C1CCE1206}.Release|iPhoneSimulator.Deploy.0 = Release|Any CPU
		{9349CA3C-5ABB-4437-8112-742C1CCE1206}.Release|x64.ActiveCfg = Release|Any CPU
		{9349CA3C-5ABB-4437-8112-742C1CCE1206}.Release|x64.Build.0 = Release|Any CPU
		{9349CA3C-5ABB-4437-8112-742C1CCE1206}.Release|x64.Deploy.0 = Release|Any CPU
		{9349CA3C-5ABB-4437-8112-742C1CCE1206}.Release|x86.ActiveCfg = Release|Any CPU
		{9349CA3C-5ABB-4437-8112-742C1CCE1206}.Release|x86.Build.0 = Release|Any CPU
		{9349CA3C-5ABB-4437-8112-742C1CCE1206}.Release|x86.Deploy.0 = Release|Any CPU
	EndGlobalSection
	GlobalSection(SolutionProperties) = preSolution
		HideSolutionNode = FALSE
	EndGlobalSection
	GlobalSection(ExtensibilityGlobals) = postSolution
		SolutionGuid = {CD5D5B8A-1A1B-42D0-84F2-9A9CED440C60}
	EndGlobalSection
EndGlobal
